{
    "_meta": {
        "hash": {
            "sha256": "e8b89da8ff8869dc96467757e0dd37f7afca46d6a6045aeee4228ef547dee300"
        },
        "pipfile-spec": 6,
        "requires": {
            "python_version": "3"
        },
        "sources": [
            {
                "name": "pypi",
                "url": "https://pypi.org/simple",
                "verify_ssl": true
            }
        ]
    },
    "default": {
        "click": {
            "hashes": [
                "sha256:7682dc8afb30297001674575ea00d1814d808d6a36af415a82bd481d37ba7b8e",
                "sha256:bb4d8133cb15a609f44e8213d9b391b0809795062913b383c62be0ee95b1db48"
            ],
            "version": "==8.1.3"
        },
        "colorama": {
            "hashes": [
                "sha256:08695f5cb7ed6e0531a20572697297273c47b8cae5a63ffc6d6ed5c201be6e44",
                "sha256:4f1d9991f5acc0ca119f9d443620b77f9d6b33703e51011c16baf57afb285fc6"
            ],
            "markers": "platform_system == 'Windows'",
            "version": "==0.4.6"
        },
        "crcmod": {
            "hashes": [
                "sha256:50586ab48981f11e5b117523d97bb70864a2a1af246cf6e4f5c4a21ef4611cd1",
                "sha256:69a2e5c6c36d0f096a7beb4cd34e5f882ec5fd232efb710cdb85d4ff196bd52e",
                "sha256:737fb308fa2ce9aed2e29075f0d5980d4a89bfbec48a368c607c5c63b3efb90e",
                "sha256:dc7051a0db5f2bd48665a990d3ec1cc305a466a77358ca4492826f41f283601e"
            ],
            "version": "==1.7"
        },
        "customtkinter": {
            "hashes": [
                "sha256:30fe0d40f0b43b60177e87013e932377a3ae8bf46921528488ae1adbb0aeafdf",
                "sha256:eedaa11edce76b6882a605864a11b4859643ba0f4f456841aad51d89a758d32c"
            ],
            "version": "==5.1.2"
        },
        "darkdetect": {
            "hashes": [
                "sha256:a7509ccf517eaad92b31c214f593dbcf138ea8a43b2935406bbd565e15527a85",
                "sha256:b5428e1170263eb5dea44c25dc3895edd75e6f52300986353cd63533fe7df8b1"
            ],
            "markers": "python_version >= '3.6'",
            "version": "==0.8.0"
        },
        "hacktools": {
            "extras": [
                "armips",
                "cli",
                "graphics",
                "nds",
                "xdelta"
            ],
            "hashes": [
                "sha256:00aa3a689f82912216c25d602c8d4770f3e0509df011016b2e75378c18a2bde0",
                "sha256:00c7bde5a4fe995531e8341aecc72e8b3ebedc7e27d4910b57f94bd924565b8b",
                "sha256:02ad6ec715149f0a45c24667c410fcb6e74c44399d4acc168639e80940caa86d",
                "sha256:08a073fd3d5aa994f4ad8cd3653e6aa79168619b7d8888b1434cb218922c8edf",
                "sha256:0ff935e59dd6abcb9fcee545f6aa346c06a86afc950d7705e5e7fc20c46044f2",
                "sha256:145fcfaf0d6992f80460f4ffe72bd76fee7f1326a893a7275c38f37d85c4cea3",
                "sha256:149006a3462976c2d0e4d8eaa78b9edcf24b473621ccc45bf10fb9613a97acd6",
                "sha256:2b3c573891427d91031c88efbca0a667f9b0b0ebdada0fb5359150a2fb179c1e",
                "sha256:2c520bda8611524acdabd2a3c11bc00678fe5c3c6ff111ccd66fa0da5afcf912",
                "sha256:2e6c1c71d56c6fd8c2f703c02a099d0c81e01608f9c73d42bad49d46cfa6223d",
                "sha256:3024162a597b12012278eab1a589f26f2b341040101a0889c6503b3e58a786cc",
                "sha256:357dbdf97267d3160eb2bf8e72081624c78ec2d50fda7ccc266cb567b916a0cd",
                "sha256:374553eef6f3fcb3dc08bdc6065c955ee6c99bcb7f0b04057ed5607c8e39130c",
                "sha256:41b5ea98db92920dcc293a5ba9fbe52316a72e22d9c2e778df291ef352ab86b4",
                "sha256:41ddfdd47bc3cb24228cb5b51219a40129f133c91f676fea1c26067661812cc6",
                "sha256:4c8c6c0242c48841a4dd767b0ead1f783cc31c1ab6f53b8c59824ca349bbe4bb",
                "sha256:4d2e088d3d7a7031611be793a57ed08e759fcae4d215a42b01febeedbe0eeadc",
                "sha256:4d46f004c9f9fbac0cf2a8bb451b4721cb6231c1430d295119d217564fcb282f",
                "sha256:4f641ddca6f9034613ed3f32763ece121cc748b10d32660db101dd5e61513127",
                "sha256:5707e78cd016177ed4233526f9a157a697ae315901b437b40438ab3a2f5155b1",
                "sha256:5e3cd73c02423c7a8c1b035fdb48e44f874df3a9a97bca537246af47c3fa1ef1",
                "sha256:620d5a7a2bae3f61b16365bc1945f97e4812cb1b8fbd6124999ffa915fda1812",
                "sha256:66b2474adf518e91ec583ad33a3162fb0acd5c2c551302c8a5e0bdcb58faf832",
                "sha256:6f43b449a127ff26784a3e400fd51ede1303786e84db0e8c35013ba5e88a7eef",
                "sha256:72300e064733d6b1b32db3586f22cb64bbe8373f033e13b023c73710beaf86f2",
                "sha256:745fafd722edd919bd6011ca22a56f5e58cb62bcb8a7bf475e86d43e743592cf",
                "sha256:7b1ca20d6d1c378a526e927aaf13869ab332cf768de4663816412a812c8a8233",
                "sha256:8a27af4e60ae5a2c2e187b0b2e0af30824ee934357bb267c6d432f7978d34e0b",
                "sha256:903bb5299a55ac70de8f3a4c291ca7f0d19020475b8ae20d4967741bdde24ffb",
                "sha256:913f59b55a02c87637fbcd49082bdd44288503a88887ddbfa9429c31aeac82ec",
                "sha256:91434fbeda817134785a6fecfb770068014d1d71a48596c092cba9adcf5cc18b",
                "sha256:93901b57100ee38d2d28bef6f00cdc4e95814f907a7de50a3209a9068afab57e",
                "sha256:96d6041820e842370a05fd77457df0363b5568274dc8dce56a6e1c95b172a80d",
                "sha256:a7418ad1899830f069bd04289944c172ca9af74274fc428b559ef360ac96f000",
                "sha256:a7694f9f05c1dd4245d7a65797d940f2297d85f1ecad7746eb035834d7d47aaf",
                "sha256:b3ca2ad2ad7e6ad0717885f3b8c69ba56ac5e4ead9c77b4ca923a8b42e6be0c6",
                "sha256:b4553214e683c16f9afdf1e87f7a6216acc642d82106dd5d8d86ed92f2ffe562",
                "sha256:b51fbf496bbca258cc9ccd4fa136900a17d2adff50031edda4b6add2f49eb40a",
                "sha256:b823411e82d5aaba343410a42333207ae58939775179a9c4b2716837c87e9677",
                "sha256:ba1747490dab7c76a6784fbc0c1c717d56eaee1fe0b2e27faef2a0cc82d7539c",
                "sha256:bbcb476ab4dd2ec93e6cf630bdd0f2778d0fe99edd944d0eaf61a45a06c1c8f9",
                "sha256:bd9e62db8e83abe94fb6b31fd9f412527ab7409fe90884cf4017b8ddcfb06db6",
                "sha256:becde4c433b567c4de65b6b75e4914d178c500d7ac12f3a54b4390387e1045fd",
                "sha256:c5952baad837c6be6e264de89d20cca1041c8eee4b8fbcd4d0c8f15f752725ca",
                "sha256:c74bc4b9ce2758fa35fc88f526d21a10e8a0f2d05e7662dfff73ca62d9c0e47c",
                "sha256:d1e6d645943e9cb807db22777d92bd14f066bb70b63c9ad6e5a7ac0843fb3d04",
                "sha256:d9b02e6e09f5689aae5aced613bb4dc96b3dcbced26a398bec3805de699530e2",
                "sha256:ec2c8da962f7c8cc1857a0031a8b6a02aa64c987b3024272e4bc5ca9ab090463",
                "sha256:ec7495dc024a8942d01713b5a5dbdd4bd0455242ecc60d372538b849194bccf0",
                "sha256:ee6560f4cb0977d296252873c9c6b84cfb4b3e7e594151837d464df58528b9ad",
                "sha256:f70f28a4c566ee1019497ba8295f88a528481c081666732f1dc64e17cc4f6353",
                "sha256:fb8284ca812f3f9e964e97cbcdaca2fd407cc821569c7344c2aad92def8a64b2"
            ],
            "index": "pypi",
            "version": "==0.32.2"
        },
        "ndspy": {
            "hashes": [
                "sha256:b928721fe0bdbbdd9b1b6568d1395a72fa74d0781db345286f6ce2f7be8a23ac",
                "sha256:de53676e262ed88151526c4f5118fa9beaa8a301855d32cfdc623e4bd6de2991"
            ],
            "version": "==4.0.0"
        },
        "pillow": {
            "hashes": [
                "sha256:013016af6b3a12a2f40b704677f8b51f72cb007dac785a9933d5c86a72a7fe33",
                "sha256:0845adc64fe9886db00f5ab68c4a8cd933ab749a87747555cec1c95acea64b0b",
                "sha256:0884ba7b515163a1a05440a138adeb722b8a6ae2c2b33aea93ea3118dd3a899e",
                "sha256:09b89ddc95c248ee788328528e6a2996e09eaccddeeb82a5356e92645733be35",
                "sha256:0dd4c681b82214b36273c18ca7ee87065a50e013112eea7d78c7a1b89a739153",
                "sha256:0e51f608da093e5d9038c592b5b575cadc12fd748af1479b5e858045fff955a9",
                "sha256:0f3269304c1a7ce82f1759c12ce731ef9b6e95b6df829dccd9fe42912cc48569",
                "sha256:16a8df99701f9095bea8a6c4b3197da105df6f74e6176c5b410bc2df2fd29a57",
                "sha256:19005a8e58b7c1796bc0167862b1f54a64d3b44ee5d48152b06bb861458bc0f8",
                "sha256:1b4b4e9dda4f4e4c4e6896f93e84a8f0bcca3b059de9ddf67dac3c334b1195e1",
                "sha256:28676836c7796805914b76b1837a40f76827ee0d5398f72f7dcc634bae7c6264",
                "sha256:2968c58feca624bb6c8502f9564dd187d0e1389964898f5e9e1fbc8533169157",
                "sha256:3f4cc516e0b264c8d4ccd6b6cbc69a07c6d582d8337df79be1e15a5056b258c9",
                "sha256:3fa1284762aacca6dc97474ee9c16f83990b8eeb6697f2ba17140d54b453e133",
                "sha256:43521ce2c4b865d385e78579a082b6ad1166ebed2b1a2293c3be1d68dd7ca3b9",
                "sha256:451f10ef963918e65b8869e17d67db5e2f4ab40e716ee6ce7129b0cde2876eab",
                "sha256:46c259e87199041583658457372a183636ae8cd56dbf3f0755e0f376a7f9d0e6",
                "sha256:46f39cab8bbf4a384ba7cb0bc8bae7b7062b6a11cfac1ca4bc144dea90d4a9f5",
                "sha256:519e14e2c49fcf7616d6d2cfc5c70adae95682ae20f0395e9280db85e8d6c4df",
                "sha256:53dcb50fbdc3fb2c55431a9b30caeb2f7027fcd2aeb501459464f0214200a503",
                "sha256:54614444887e0d3043557d9dbc697dbb16cfb5a35d672b7a0fcc1ed0cf1c600b",
                "sha256:575d8912dca808edd9acd6f7795199332696d3469665ef26163cd090fa1f8bfa",
                "sha256:5dd5a9c3091a0f414a963d427f920368e2b6a4c2f7527fdd82cde8ef0bc7a327",
                "sha256:5f532a2ad4d174eb73494e7397988e22bf427f91acc8e6ebf5bb10597b49c493",
                "sha256:60e7da3a3ad1812c128750fc1bc14a7ceeb8d29f77e0a2356a8fb2aa8925287d",
                "sha256:653d7fb2df65efefbcbf81ef5fe5e5be931f1ee4332c2893ca638c9b11a409c4",
                "sha256:6663977496d616b618b6cfa43ec86e479ee62b942e1da76a2c3daa1c75933ef4",
                "sha256:6abfb51a82e919e3933eb137e17c4ae9c0475a25508ea88993bb59faf82f3b35",
                "sha256:6c6b1389ed66cdd174d040105123a5a1bc91d0aa7059c7261d20e583b6d8cbd2",
                "sha256:6d9dfb9959a3b0039ee06c1a1a90dc23bac3b430842dcb97908ddde05870601c",
                "sha256:765cb54c0b8724a7c12c55146ae4647e0274a839fb6de7bcba841e04298e1011",
                "sha256:7a21222644ab69ddd9967cfe6f2bb420b460dae4289c9d40ff9a4896e7c35c9a",
                "sha256:7ac7594397698f77bce84382929747130765f66406dc2cd8b4ab4da68ade4c6e",
                "sha256:7cfc287da09f9d2a7ec146ee4d72d6ea1342e770d975e49a8621bf54eaa8f30f",
                "sha256:83125753a60cfc8c412de5896d10a0a405e0bd88d0470ad82e0869ddf0cb3848",
                "sha256:847b114580c5cc9ebaf216dd8c8dbc6b00a3b7ab0131e173d7120e6deade1f57",
                "sha256:87708d78a14d56a990fbf4f9cb350b7d89ee8988705e58e39bdf4d82c149210f",
                "sha256:8a2b5874d17e72dfb80d917213abd55d7e1ed2479f38f001f264f7ce7bae757c",
                "sha256:8f127e7b028900421cad64f51f75c051b628db17fb00e099eb148761eed598c9",
                "sha256:94cdff45173b1919350601f82d61365e792895e3c3a3443cf99819e6fbf717a5",
                "sha256:99d92d148dd03fd19d16175b6d355cc1b01faf80dae93c6c3eb4163709edc0a9",
                "sha256:9a3049a10261d7f2b6514d35bbb7a4dfc3ece4c4de14ef5876c4b7a23a0e566d",
                "sha256:9d9a62576b68cd90f7075876f4e8444487db5eeea0e4df3ba298ee38a8d067b0",
                "sha256:9e5f94742033898bfe84c93c831a6f552bb629448d4072dd312306bab3bd96f1",
                "sha256:a1c2d7780448eb93fbcc3789bf3916aa5720d942e37945f4056680317f1cd23e",
                "sha256:a2e0f87144fcbbe54297cae708c5e7f9da21a4646523456b00cc956bd4c65815",
                "sha256:a4dfdae195335abb4e89cc9762b2edc524f3c6e80d647a9a81bf81e17e3fb6f0",
                "sha256:a96e6e23f2b79433390273eaf8cc94fec9c6370842e577ab10dabdcc7ea0a66b",
                "sha256:aabdab8ec1e7ca7f1434d042bf8b1e92056245fb179790dc97ed040361f16bfd",
                "sha256:b222090c455d6d1a64e6b7bb5f4035c4dff479e22455c9eaa1bdd4c75b52c80c",
                "sha256:b52ff4f4e002f828ea6483faf4c4e8deea8d743cf801b74910243c58acc6eda3",
                "sha256:b70756ec9417c34e097f987b4d8c510975216ad26ba6e57ccb53bc758f490dab",
                "sha256:b8c2f6eb0df979ee99433d8b3f6d193d9590f735cf12274c108bd954e30ca858",
                "sha256:b9b752ab91e78234941e44abdecc07f1f0d8f51fb62941d32995b8161f68cfe5",
                "sha256:ba6612b6548220ff5e9df85261bddc811a057b0b465a1226b39bfb8550616aee",
                "sha256:bd752c5ff1b4a870b7661234694f24b1d2b9076b8bf337321a814c612665f343",
                "sha256:c3c4ed2ff6760e98d262e0cc9c9a7f7b8a9f61aa4d47c58835cdaf7b0b8811bb",
                "sha256:c5c1362c14aee73f50143d74389b2c158707b4abce2cb055b7ad37ce60738d47",
                "sha256:cb362e3b0976dc994857391b776ddaa8c13c28a16f80ac6522c23d5257156bed",
                "sha256:d197df5489004db87d90b918033edbeee0bd6df3848a204bca3ff0a903bef837",
                "sha256:d3b56206244dc8711f7e8b7d6cad4663917cd5b2d950799425076681e8766286",
                "sha256:d5b2f8a31bd43e0f18172d8ac82347c8f37ef3e0b414431157718aa234991b28",
                "sha256:d7081c084ceb58278dd3cf81f836bc818978c0ccc770cbbb202125ddabec6628",
                "sha256:db74f5562c09953b2c5f8ec4b7dfd3f5421f31811e97d1dbc0a7c93d6e3a24df",
                "sha256:df41112ccce5d47770a0c13651479fbcd8793f34232a2dd9faeccb75eb5d0d0d",
                "sha256:e1339790c083c5a4de48f688b4841f18df839eb3c9584a770cbd818b33e26d5d",
                "sha256:e621b0246192d3b9cb1dc62c78cfa4c6f6d2ddc0ec207d43c0dedecb914f152a",
                "sha256:e8c5cf126889a4de385c02a2c3d3aba4b00f70234bfddae82a5eaa3ee6d5e3e6",
                "sha256:e9d7747847c53a16a729b6ee5e737cf170f7a16611c143d95aa60a109a59c336",
                "sha256:eaef5d2de3c7e9b21f1e762f289d17b726c2239a42b11e25446abf82b26ac132",
                "sha256:ed3e4b4e1e6de75fdc16d3259098de7c6571b1a6cc863b1a49e7d3d53e036070",
                "sha256:ef21af928e807f10bf4141cad4746eee692a0dd3ff56cfb25fce076ec3cc8abe",
                "sha256:f09598b416ba39a8f489c124447b007fe865f786a89dbfa48bb5cf395693132a",
                "sha256:f0caf4a5dcf610d96c3bd32932bfac8aee61c96e60481c2a0ea58da435e25acd",
                "sha256:f6e78171be3fb7941f9910ea15b4b14ec27725865a73c15277bc39f5ca4f8391",
                "sha256:f715c32e774a60a337b2bb8ad9839b4abf75b267a0f18806f6f4f5f1688c4b5a",
                "sha256:fb5c1ad6bad98c57482236a21bf985ab0ef42bd51f7ad4e4538e89a997624e12"
            ],
            "version": "==9.4.0"
        },
        "pyarmips": {
            "hashes": [
                "sha256:029c453a53de9f4a817788cb4e0ecf3ce8b73356c91f4642158b4c868ca8899a",
                "sha256:04189f9de679fc05803b59dc250d3aedda2fe55dea394f3817e40efd8dd175a4",
                "sha256:0702e0bd25d23adcfea6b71edb280c8dfc7164e6d38351bb8a663da14f80061d",
                "sha256:0b9b35e5e0bec63239aa961156396d8da102733e82e89e6ad61db1d660e97aeb",
                "sha256:0eabe11440ea941cf118309ca9e396c8892d5846d1aba65cb19603314448e489",
                "sha256:1606ba99f67a5916727008477c792a54621116005c984b1c56929fc01cd6988d",
                "sha256:1c8e6816d862fdcc0db7e44675b80d5aa82c4214e84a5ecf7c0a1b1486e12142",
                "sha256:1dc61ca24553537480f8cae454087ba4f41f0702d61598d5884a545dc613a046",
                "sha256:21091de75170209d3530b13369957fdfc9895325920600efc7a86784aac4e30f",
                "sha256:24e38ef45b3fda57155f6ff48c25bb561c9e4b681d5eb2c6a01aa635e1a6960e",
                "sha256:283abf038ec29665c70f6d3bfe4c5cf59470af9988483107d6c5e7ba946528b6",
                "sha256:2d428f2e43126393540f8cc501e6b937229ddbb80eb7830e9e0ab2e3ab6b146f",
                "sha256:318ca7ae06bd1dc1dca8cef48a46ae400ba07764fa2f6dbc8d6e3a57b9e39c04",
                "sha256:37ca8255ad70e8d4a2b03f60bc466dcc1dd007cfb097bfec7fbc4938d020d421",
                "sha256:3c6c92e1515100f85353adf1e5a5c1cda2cb7d7c83d347d461f460f3ae01af01",
                "sha256:44523f815660334b9adaf121bf42a604278bf77269ed867d4456525e2f55b3cc",
                "sha256:45ee0b397bb8c1689d82117bcbcb30ef377f5f432d56eada93d200b8812a60a8",
                "sha256:4615e921a367f65e6b2832f0a854c12985a1ed6edec461e07f7de8cb426ec9fb",
                "sha256:4ed76947fa6557c553d596513eebafd706bc270a9d4e61d80a6cd9f9537af973",
                "sha256:538332064c52f7b7c39f5b54f096b8ea6670239d9ebd83d589e87ab7fa12da8b",
                "sha256:572e8acaaf804e3505c630585b633fe278c0d855a131ce2f11f1ffb60fd205ed",
                "sha256:578e9f5e63aff78b982dec55ebb0521ee7ec3a9878ad821b8b9f7ea74276bfc3",
                "sha256:59cb30bebe66cb15bda465d57107d5d4fdf049f83101c10f82816e938de894b7",
                "sha256:61568b05f86d6d65d8d2a08575c33a05feb109ff8b3dd5f4733d47c3a9ce437d",
                "sha256:6500ea99b11f68da2c13440c9b3cff87d0cabdbd2b57b3597e05986eed662bf9",
                "sha256:689006074b6bd40a5462e4a99f09520d1b1576723ff6cfb513f66432888d1d72",
                "sha256:76f4bbb2bae52ae9c72442844837d7bbf4906c8d2d6b8b8a37a736a1afef539c",
                "sha256:7910105d3d1d394d80d8b67f3826f3f7504dc5b1a38f9e569208bb302c1e91d9",
                "sha256:7b4354ad1ffc6ae6d06279954eb16f72878002f58ac82eacc1a00b8fbd43a18b",
                "sha256:7e56e3cc295e3bc12ae3c5a796fee23f72c6899852a33f379a18c66d3e5d0980",
                "sha256:7f1c1bfb371fc6a6a52aefede49f9e1e33c368e022e3bf96d68ebabd412eac78",
                "sha256:80117e4d450d0e547ce599704ffabecde1fee0068dc6a6420b8aed6074de90e1",
                "sha256:8084835e23174363bdc986d47b088b0e5b533f1f3fed8668461ee419012b691a",
                "sha256:81fae6b35458990fb7b794393f22edb859ebddabc2625586e43554084795dba8",
                "sha256:8a1a77daaab5b1c1ad6eb226518cf9757f232e1b08ea386f54c3e46f17858a4b",
                "sha256:9355ade0ab190b2977e44a93aaa22866b11d1bb026b15cdf4da5d869df170b27",
                "sha256:a9cc5877eb408c922e72b99227f3d0a88db7315e79f0915285efbebdbaa4cd39",
                "sha256:b1514ddadb8c9619ca330e4b2ac23001a748e1e797d5bba41fede26cb0bd016b",
                "sha256:bcf7bd3692c989b60213eed1fded5193097c72d43a1cb231592e756a733767d7",
                "sha256:c61f6e70ba7e12879e2095a845818900c062037d695a101fb0c1b6851d09306d",
                "sha256:ca0f3e03409977c6e1919af7eb884aaa55225471062a53ee6b0a6c5192f70a4f",
                "sha256:ca1fb34778a9422d50dad8186dfbf018274f805c5a9e5203e31f00d330cd56b4",
                "sha256:cc1b5df97e0c06a48be0a479f31facc8d8bc0e10a3d902a37bf7b7b5a9be68ba",
                "sha256:ce6545d4c39de8dd7a1e99ecabaa4206dcfa0909fccc29e0454e78c94a107b74",
                "sha256:d3d5d0f77c4f612168312ef9de7745093efdc8bf67b65402f0a9a0c897ce2bd2",
                "sha256:d6cbb8c411963d1f6603746add933bf6072c5d439fa50c9eb2445b8bb0fdc9a7",
                "sha256:d7231c7a7c9ff3173b9894e2c4798a927bc8275d284f932cc10f2a8b6e9c0e75",
                "sha256:dc2f940160954c4700edd64f2df9cd17e4289b2b51cabbd0f9a84e979e638a8e",
                "sha256:de586684425a1e26c3e405436604ecd02877531c6dae13f77473106a8f0b8a4e",
                "sha256:de9e04d98460f65d01c47f309fb74213bf56584db9746658d123d1d9d0958ade",
                "sha256:e2d9d789721aab24ff049db4fc33d2dc9b80710dafc52f56c1f9155744a626f1",
                "sha256:e411563c12c00b69dd7398016eba2c5fe75847947f920f0c40767e7ea40c0655",
                "sha256:e6444078c01757049d69c4c2de8fc857c1dba145caebb0240bab1120d51c154c",
                "sha256:e9cf076388d4391f731cefde51bea589b2d0d7ad2791a702607ace6b0bd9ebf0",
                "sha256:ec4afc416a844c0306f48edfd55602b7a00bbd177d9c8661c120863ee0b36de4",
                "sha256:f25126d009659e36c94fc9a60f4cdcda4b6caa930d41865d927fc1fcd36e4e6f",
                "sha256:f5e6f678da51b530522f8924e6525c332e29c7a945287d4c99f9e8f10baf1e73",
                "sha256:fac28bb8374ebc72189dce359742da6a0ead4f5d4df288ccdc9e88db39278804",
                "sha256:fd397c0afd7dd71ac7764d18112de65e88a616b0ba128dd0d5f83ddaeeee6cd9"
            ],
            "version": "==0.11.1"
        },
        "pyxdelta": {
            "hashes": [
                "sha256:0676770d03e971ec26dcd94bd0fa1cd67b29809dcc20ecc03a63e1a700c874eb",
                "sha256:06fd8a55b9ec8b483e8a7be163765efae78312bdbed6819258a3a36841088bb8",
                "sha256:09d1a7e42ac81a6de023dd1aa865be2290ef7aa6ffc7b2cf7978b9d6b497f2a8",
                "sha256:11c1fe8aee7efe9ae896c800d7cda522fbe5990ee4536e7ea8501f1b3676eae6",
                "sha256:12d8a426b087b99ffae320b60ea3c79da09df5006ed0b41216666a6a15b8e0d0",
                "sha256:2a10466ad21f65b2bf67f6c79cd49dc246c2dea7ce0816b597022bcebed3f7c9",
                "sha256:350e15b3c68367b83f738cffc3e0a9bf271b9b741aef4678d4b31013978ea745",
                "sha256:371e08823d289f5d83d68237fffdca7916190492d97372d7396352b51f0d7f7d",
                "sha256:386cbb6a45263879c7510eec40e6c4147d96ee47a97b1110fd127ddae1e77387",
                "sha256:40bffdc5e454094b1c90dd3e82d87a28ef7cc40b444635fdffde441084b92096",
                "sha256:41563fa57f10fd9ca851c834199bf74f8837c9adbcbe653dd888bda7d03bb111",
                "sha256:41c154acbbf3f47ef373a816c45384d2069b2d1ce22693d30778a2dea421a72f",
                "sha256:41fd26ce8f366bda95d1c2e764bc5e4b1621f53cb6b46a90a2ae51c8edbffd7d",
                "sha256:47db368c675d572f1a395235dc97ed54ca66dce95ecf0cf000a7d2020be3a207",
                "sha256:4d868911e4693c16e775beec2af7504e9255fd3ef61e52bcdedd7572d7583a91",
                "sha256:52baf20180206dfa4477039b19005caf0e27991ef64b5d90f339cb6d3e4e4622",
                "sha256:5a38422866d2eae878578259e243502cccdaa02ade99f02b21b6de2aa79d8c4b",
                "sha256:5a638de8787ced47e87f195073dd2b46dbe34d93947cc538f4b000317dd4a7bb",
                "sha256:5c58c07429c46abaaad68c4b71fb56374a24eba4dd2f2172cfa343a5564a1a71",
                "sha256:5f263a907d8a2e9b4a2fc504d2ab4df67cf8e06ba9d9a3db4736d77d4ba61748",
                "sha256:628f6685fb163fa6e5ac9bd3579a0880fe2b1b5798a3df3553d48c8caf2aec4d",
                "sha256:6970e79c10fcf9985a6599c54117871364d55fc8c7a1710ebfc46acb7b948e76",
                "sha256:6a2da3bacafa8d435a73bc9d7f878c064fa946c306716921f7d14da57ab0cc24",
                "sha256:6d4ee2c85afc400e4a30b9d96c130f664b805a27c5909692ba185939a2238c80",
                "sha256:6f0a4e2a058586b4462416ad4b2c1a820189dc2ca24e7b23caf4a3eba9d6ccb7",
                "sha256:74108f28383f3334c8fa2f94a77172a1c65f1a9b3bf332331496e15f597c5bdf",
                "sha256:785d955fa3a0a83a9c40816b8fd94cbf941482291cb2ef7b3935c8525bef6a81",
                "sha256:84d93c1bd405b177246c1312a6efed2ca799a89946b6d7b523344ce911b1b79e",
                "sha256:962a49288cd4b361616458dcfc35c2cb4be1c9b43c6691d6f2860cdcc49b8900",
                "sha256:9b1f55cc3d7c783974a5cfceaca5e113eb9506077ef78ab980f037b9dd26f988",
                "sha256:9c3bad18f5b4f79957c011c3de08b36881f66bf3ff60e9fe1db7a218307cb3eb",
                "sha256:9ffe92c819f157092c08e932a9ae9a32af5334ab51ed71d58b568af30bfe653a",
                "sha256:a94abcd2cd70daef6f68a8840320359a9d2ece1f25c77cfd912be01b40fd7e47",
                "sha256:aac19cf8c2797f7daf7fb9e2e95397a4c0a8f652fa3022c2b69ad762af69b818",
                "sha256:b12ea86f1ac325abadd4ba96562fb6d8c3e9db7ab2ec77e22616a96b012999b9",
                "sha256:b1555812ccc915274f2defe65d46258c541725041f5e28340c12fae9537b1006",
                "sha256:b15daba2e75d3b4c2a7082c9a28b098c0f6fc5c869b6d0b214c91b64341b55d7",
                "sha256:b268df1f29d94b237bd889187fc1735b87427ed36b27bceb2beb7697089e2e89",
                "sha256:b54598894c30ff89c02034592d007d9793b4c661bc667a10362e39721c06241d",
                "sha256:b8387b7253f8f04cf94fed307180c7483c808f80f9f828be288cdece8a2bdd36",
                "sha256:b89b338c51de9dbe24fb6b17fc9ebf6453e311019dcdc6e595699e06764e0787",
                "sha256:bbd131b493e56546d7614c8617aaa9079531c0860cf3096526031f3e97c50483",
                "sha256:bcf97f23bc5aa07532d7fe4c768125921ba933df1f79a603cf9fa4076aec6174",
                "sha256:c17faaa3d26acb2a909f9e23191fc4fb3cb654762134d254717a698209bd1151",
                "sha256:c226d2bc92275f990dc7418f6cc2a8edd80a54ac0606adf5dd44ff607adb0e9d",
                "sha256:c2dd562f71413120cc6204708e29f9d7f70db5dee4e9ddc0887e90079d41b884",
                "sha256:c8df088ba327c46175d190cbd5394d98338effafe138f5c2a7a65efffee8cac4",
                "sha256:c99ff2e712a1e411f2fb72e20a29482b358a960a12899c2b6df65a0a4746757d",
                "sha256:cf076fb4c6b2a2c752f5d70a9d7e4abc834d07a0a175f65256c20a40f6827116",
                "sha256:dc8103c6ced21a834983490affe2aa80a2562aad432463e25c74ca11913dd019",
                "sha256:dda7dc0aed6d3c8c1419210b1081161fd559fa0061e9f5b7a2fed0cc90a9804d",
                "sha256:e405720f4ebedae7969a5fe45c03d539adb5228f1590d2495d3aea7ba7777271",
                "sha256:e5e840e70f8d0f367f6574824ecb0addfb2233f7f329165c9b1f1f887b6ff0d7",
                "sha256:ebf618c68e39c151acea80a3bb494fcc43114d3e2705364ce7cde645fd1be1e4",
                "sha256:f2c4e175509cfb1e3f73c2ee684081ab5804a96e641331fd2e59620fb0936e9f",
                "sha256:f83eb09fc1cc94ce43c274f8dc03a8ba28ec6a7b874d06019205d5377163d8a6",
                "sha256:fa48b9b7e6a5066fcacc7315ff9dfb5eadf856fec3188a1471a8d5bf9c4570b4",
                "sha256:fb0b272217320e97c0395503ef8ce7560b665c0d50ae75bd2dc514343bdf9c1d",
                "sha256:fd3a0fc913b683a079a469b0ae50920f63f946b9de336de1ad75cf840b0a6dc5"
            ],
            "version": "==0.1.2"
        },
        "tqdm": {
            "hashes": [
                "sha256:1871fb68a86b8fb3b59ca4cdd3dcccbc7e6d613eeed31f4c332531977b89beb5",
                "sha256:c4f53a17fe37e132815abceec022631be8ffe1b9381c2e6e30aa70edc99e9671"
            ],
            "version": "==4.65.0"
        }
    },
    "develop": {}
}
