{
    "_meta": {
        "hash": {
            "sha256": "e8b89da8ff8869dc96467757e0dd37f7afca46d6a6045aeee4228ef547dee300"
        },
        "pipfile-spec": 6,
        "requires": {
            "python_version": "3"
        },
        "sources": [
            {
                "name": "pypi",
                "url": "https://pypi.org/simple",
                "verify_ssl": true
            }
        ]
    },
    "default": {
        "click": {
            "hashes": [
                "sha256:27c491cc05d968d271d5a1db13e3b5a184636d9d930f148c50b038f0d0646202",
                "sha256:61a3265b914e850b85317d0b3109c7f8cd35a670f963866005d6ef1d5175a12b"
            ],
            "version": "==8.2.1"
        },
        "colorama": {
            "hashes": [
                "sha256:08695f5cb7ed6e0531a20572697297273c47b8cae5a63ffc6d6ed5c201be6e44",
                "sha256:4f1d9991f5acc0ca119f9d443620b77f9d6b33703e51011c16baf57afb285fc6"
            ],
            "markers": "platform_system == 'Windows'",
            "version": "==0.4.6"
        },
        "customtkinter": {
            "hashes": [
                "sha256:14ad3e7cd3cb3b9eb642b9d4e8711ae80d3f79fb82545ad11258eeffb2e6b37c",
                "sha256:fd8db3bafa961c982ee6030dba80b4c2e25858630756b513986db19113d8d207"
            ],
            "version": "==5.2.2"
        },
        "darkdetect": {
            "hashes": [
                "sha256:a7509ccf517eaad92b31c214f593dbcf138ea8a43b2935406bbd565e15527a85",
                "sha256:b5428e1170263eb5dea44c25dc3895edd75e6f52300986353cd63533fe7df8b1"
            ],
            "markers": "python_version >= '3.6'",
            "version": "==0.8.0"
        },
        "hacktools": {
            "extras": [
                "armips",
                "cli",
                "graphics",
                "nds",
                "xdelta"
            ],
            "hashes": [
                "sha256:0007a709d90708770ad77f4f612814575d515c960bbf439d4ba5130cda331f57",
                "sha256:009e632170f5cd01f740c79a8807c93e69119c34e44a8826d9a2ccf11e675d7e",
                "sha256:01980ba57f499f358e90d8c29e23b659cb19657d8e716159c966251215f6be21",
                "sha256:0257b82a66ddc5ad34eba9344f9068b7f040cc880725475d3ae5905a8a32a8ca",
                "sha256:037e73d13fca3b43fa6ad8932dc018eb2793b4dbbd5a000cfaf0037cd76acb40",
                "sha256:053c169f473e08b79c65e8b1640cdf741939268205c3e3a80023552aa4c3808a",
                "sha256:073c7e9f25d7f267a1747a7d7bb793183eb1bf00cece7fba8a36f518e5b1c108",
                "sha256:091625201b2a74bcf60e08c75fc3d7febd2d553622112f17d3ab03141c0ca6e5",
                "sha256:0a9564dab40fc68d8a0be4af2678420c62cb7fd7991aed9bb46882ac61af9047",
                "sha256:0ffa3d05803547aa7afad3214b8571fcb6491b28a21ddf5b6f6d07858a5c499f",
                "sha256:1723017d0bf579412a14c516337c2d5490483772d399e84ff012212ee9786fa7",
                "sha256:1728c99a5ccfe83280249831395a34e7c291bd42374b292acd95f2e4378faa6a",
                "sha256:1b5706fb163fd10260ed782e847f9834a32ded4111dc783b3db945e08ef4127e",
                "sha256:1da22aa37bb6d5aa5fbe3bd5b5994f7f945f78946c252b94188e8c5ceac971dc",
                "sha256:1e3a2005f6feec1c2c236560af485b3141de2921efb160bfc6da0cd209452238",
                "sha256:1f84eec5472c0295103eb1c6dc3553ee90169fa14a1acbdd138fff603b0b78ec",
                "sha256:245423b1c06e5692b2bd4d06c46a091104a0ea24d754ebf8ddeb2d822aad80da",
                "sha256:29a141db684db1d1b9c339e83d08bc24c46e5aab3c4e9c410abe02edba19eebb",
                "sha256:2dcb2e97fe4e4bf9ab1f3fd8f2db6e6eaa3cf56e06cfcafc696381b94a2d922f",
                "sha256:2ebdf942560634ad4d0894c81c5f557397e0deb959bafca730a558cf4f48a7ab",
                "sha256:36064e1104bb4546b1c177ccf6e1f760679fd8c7d66c081301e88df3d72fdaa8",
                "sha256:380d6b29565febf0615b7de8111ce05064b01f6fcf8cb0dd5f48439ef78b24e8",
                "sha256:4005e9a2427b84015e2cc01936a869c6d8cc02d56184fee5c6f0c07d9da4fe05",
                "sha256:403188bde04d635357a5bf49ac750227652d515ab557e155e9d9da62b7443530",
                "sha256:4185ab07665a85e57ae313d11cf1454628844cda1c957d4e1c526ad36afdc81a",
                "sha256:4416d245dd9b23c7e1d8fdfc2b0d13f0884319ad131fb6f7ba5dd2ba64d2cfbc",
                "sha256:4946c1fd2885eff275a4ca57070f30579fcf22134fac4784fb11283a9b34d033",
                "sha256:49a3c59b6d884a1bdaa6af1b011e473cc4c16f325a7909569183b32c49de0dbf",
                "sha256:4e612e063539e95b701b6ecdd2e23302842447fe71fee35ee2cce92b12315fdc",
                "sha256:52efaed0792200fb1afa892081cbd09c9921f6e42bf0879eb004fa63b3edaee5",
                "sha256:574c88f10d77216aaec839bbbe4c40d76d2711a0b516a28f708f4d63655e3229",
                "sha256:5949e2d1ef009c372f726525e7e6767a1764e2185791152513682a2a8ac2e113",
                "sha256:5e2989845e3378c84d340c8f2d9d56c6e51a54dca7531c72095098c7a1c432e5",
                "sha256:6058b3cd0c859cb9f19b69cacd4703f55abb9152d3b1fb84e251df0cea1f16a8",
                "sha256:61cb684ea49cabf1ab1535b033d54db6e96a85838e92a7c026e05ae60b52d112",
                "sha256:6a2bad49da7d5d3156643078cffd9cf9fe30f22fe7c359d3190bb8fe3c5c4763",
                "sha256:6f0acc53fd8561bbdd0b3b7f18de0cf993c331962c47e10e6252d37a1eb07e3e",
                "sha256:705951fd6e87aefed5afb27bb598c842b749372b48ed88477d226ea5886a93ff",
                "sha256:72c6c7fe78f8b655343a830c29dcbbaf6384d06dfeb8bed48ef1e6fb8a2fae82",
                "sha256:7b44093f170859a4e35aaa8f8f7c27f0d0aba9ff637e1701fc738e692f398f6b",
                "sha256:80a060b171eb11be68e1ee0ff4ddd7dde9659697665c5e008547a56f3dfe9695",
                "sha256:867b73e6ab11df9280622bd0a75e6ca122c33822d9fb7177dc0335c8db03ded2",
                "sha256:908c19f4fbc366fabbe13480193df7b0d3525ab0a0e83fb9d1a94002d88a07e7",
                "sha256:9271e5b5978563961603057b2ab1386cf3a31b7109562cea1343b3b5bc96ea57",
                "sha256:9369def66ffad64265f4fd13674a0213b750522220e1e7b534ebc9f12439c4e7",
                "sha256:937205a90e5b0e1771d7d123d0921277466f00f74c3e8ec42f763ec6ce9e68e6",
                "sha256:93c6518c162717c30ad8ffb3a290ea284a6e213f53c705c815cd203a011e1b99",
                "sha256:9d83ff46afcfe5b3623a0f6caba226839296d3301b0239de0aff6a3f5314a70d",
                "sha256:a02de7c9b7fcbd55d37ab0a34278d19ce2c68c816b4eb083873078f73e3ae00d",
                "sha256:a15904cc973c4b758d2713fbe755a29ae0c43fcb3da4f6dd1a1c8c17e3c01251",
                "sha256:a5d34ac6e4fb77a44b21138989983c1a79b349fa9e844bcb1e01f7059562c257",
                "sha256:a6b10c0c6cdb2ef841587ed63ba69d833ec354257a148cd56c790a03574eb932",
                "sha256:af27a20f30d7028f8ccb3c79868123288b21a733fa05111789fb4d6db7f0e8c4",
                "sha256:b4ae2c179dcba8e981558caeba582ceef2f2724b101f31df324da3b46f5cd757",
                "sha256:b9a5b87de4dbc726a6af1c7ab87520d609b80f59de28789c6aeac9b3025b5a57",
                "sha256:be09c9003c1b82dc38916c347a93b2f7197bae3964f7ecca993d19913e9e72b7",
                "sha256:beac58ad70a59138f0f26bf45561f5a0b734dc135e561c69fe72953b379fc81b",
                "sha256:c16c3a56d25028e3135f9679faa1523a7e755158356754a4257d9e6d5710b974",
                "sha256:c42582607931fe6a10727fedc9bb53a65f2b2f8f09a6723566005da103c4161c",
                "sha256:ca7e9c97e60e03ef23ba1e45ea5e9aeccf6920c8383727272aa8af1058063e93",
                "sha256:cc7ae6aea013e31d09cabc8980b19ea2bc6a0204f6e7dd9b08467fe44705cfda",
                "sha256:cdb4b512156b455d48c24ed99c3158a9b62ecd95e73d75186009ff8673f1d868",
                "sha256:d110e6d31ddec3c803f14ebcc282fe824a68226adfb8fb4838deb5d7208edb2b",
                "sha256:d258b9ed76b157e007ff59165e535b9dcd4a8f1c06e59dae4bacc4a3c3c98fff",
                "sha256:d333170c45480b9f5062e51ee097762caf531a77ce83b15203326ba8270c3d68",
                "sha256:e847a7b0378ae3e3da22e410681a465a64d54826b2d0cba5fef696bbcc90758f",
                "sha256:ec59acdbccf39aee578d11c8828128de47c78f5b666c9b1a020a334bd174e0c7",
                "sha256:f1baf8a5337878c480ddbf4c95864b587c677cf3e215cae76c1b510d5bf93a2a",
                "sha256:f36061e04c19e3761056d129c4b66adeb9c011b0adeed50252b8480432c3257e",
                "sha256:f425c045a93ed3ed2822602affa6248036e92d5c572aef0ea63b2a341883eac6",
                "sha256:f53225ea3ee61be7dd241f4885925954c0fb94d5ed3b9a79b3a734da4ea724f6",
                "sha256:f7d9008edcaf90e67ba122909d3583c1cb0040b391f34425ee43e01583418cc4",
                "sha256:fe0e4d09948f0502fc2fcc2de16ecaf43fda30f454d0422c99ff4a5738ebb04f",
                "sha256:ffa93e3f0d812f1ac629c99c620a09e3883764a0155c10f0a369f3c11f69c389",
                "sha256:fff4f6ac7548780e2162eef5a5f04697f60889a194d4096988c569b1450dd323"
            ],
            "markers": "python_version >= '3.7'",
            "version": "==0.38.5"
        },
        "ndspy": {
            "hashes": [
                "sha256:d3b03e57ef5ba450e766035e1908293f7a6ba1a738736fae42b2c66952abb85b",
                "sha256:f43529628894d202c9c036582cceee18736e83bf1593db34ef6117a163e0054d"
            ],
            "version": "==4.2.0"
        },
        "packaging": {
            "hashes": [
                "sha256:29572ef2b1f17581046b3a2227d5c611fb25ec70ca1ba8554b24b0e69331a484",
                "sha256:d443872c98d677bf60f6a1f2f8c1cb748e8fe762d2bf9d3148b5599295b0fc4f"
            ],
            "markers": "python_version >= '3.8'",
            "version": "==25.0"
        },
        "pillow": {
            "hashes": [
                "sha256:023f6d2d11784a465f09fd09a34b150ea4672e85fb3d05931d89f373ab14abb2",
                "sha256:02a723e6bf909e7cea0dac1b0e0310be9d7650cd66222a5f1c571455c0a45214",
                "sha256:040a5b691b0713e1f6cbe222e0f4f74cd233421e105850ae3b3c0ceda520f42e",
                "sha256:05f6ecbeff5005399bb48d198f098a9b4b6bdf27b8487c7f38ca16eeb070cd59",
                "sha256:068d9c39a2d1b358eb9f245ce7ab1b5c3246c7c8c7d9ba58cfa5b43146c06e50",
                "sha256:0743841cabd3dba6a83f38a92672cccbd69af56e3e91777b0ee7f4dba4385632",
                "sha256:092c80c76635f5ecb10f3f83d76716165c96f5229addbd1ec2bdbbda7d496e06",
                "sha256:0b275ff9b04df7b640c59ec5a3cb113eefd3795a8df80bac69646ef699c6981a",
                "sha256:0bce5c4fd0921f99d2e858dc4d4d64193407e1b99478bc5cacecba2311abde51",
                "sha256:1019b04af07fc0163e2810167918cb5add8d74674b6267616021ab558dc98ced",
                "sha256:106064daa23a745510dabce1d84f29137a37224831d88eb4ce94bb187b1d7e5f",
                "sha256:118ca10c0d60b06d006be10a501fd6bbdfef559251ed31b794668ed569c87e12",
                "sha256:13f87d581e71d9189ab21fe0efb5a23e9f28552d5be6979e84001d3b8505abe8",
                "sha256:155658efb5e044669c08896c0c44231c5e9abcaadbc5cd3648df2f7c0b96b9a6",
                "sha256:1904e1264881f682f02b7f8167935cce37bc97db457f8e7849dc3a6a52b99580",
                "sha256:19d2ff547c75b8e3ff46f4d9ef969a06c30ab2d4263a9e287733aa8b2429ce8f",
                "sha256:1a992e86b0dd7aeb1f053cd506508c0999d710a8f07b4c791c63843fc6a807ac",
                "sha256:1b9c17fd4ace828b3003dfd1e30bff24863e0eb59b535e8f80194d9cc7ecf860",
                "sha256:1c627742b539bba4309df89171356fcb3cc5a9178355b2727d1b74a6cf155fbd",
                "sha256:1cd110edf822773368b396281a2293aeb91c90a2db00d78ea43e7e861631b722",
                "sha256:1f85acb69adf2aaee8b7da124efebbdb959a104db34d3a2cb0f3793dbae422a8",
                "sha256:23cff760a9049c502721bdb743a7cb3e03365fafcdfc2ef9784610714166e5a4",
                "sha256:2465a69cf967b8b49ee1b96d76718cd98c4e925414ead59fdf75cf0fd07df673",
                "sha256:2a3117c06b8fb646639dce83694f2f9eac405472713fcb1ae887469c0d4f6788",
                "sha256:2aceea54f957dd4448264f9bf40875da0415c83eb85f55069d89c0ed436e3542",
                "sha256:2d6fcc902a24ac74495df63faad1884282239265c6839a0a6416d33faedfae7e",
                "sha256:30807c931ff7c095620fe04448e2c2fc673fcbb1ffe2a7da3fb39613489b1ddd",
                "sha256:30b7c02f3899d10f13d7a48163c8969e4e653f8b43416d23d13d1bbfdc93b9f8",
                "sha256:3828ee7586cd0b2091b6209e5ad53e20d0649bbe87164a459d0676e035e8f523",
                "sha256:3cee80663f29e3843b68199b9d6f4f54bd1d4a6b59bdd91bceefc51238bcb967",
                "sha256:3e184b2f26ff146363dd07bde8b711833d7b0202e27d13540bfe2e35a323a809",
                "sha256:41342b64afeba938edb034d122b2dda5db2139b9a4af999729ba8818e0056477",
                "sha256:41742638139424703b4d01665b807c6468e23e699e8e90cffefe291c5832b027",
                "sha256:4445fa62e15936a028672fd48c4c11a66d641d2c05726c7ec1f8ba6a572036ae",
                "sha256:45dfc51ac5975b938e9809451c51734124e73b04d0f0ac621649821a63852e7b",
                "sha256:465b9e8844e3c3519a983d58b80be3f668e2a7a5db97f2784e7079fbc9f9822c",
                "sha256:48d254f8a4c776de343051023eb61ffe818299eeac478da55227d96e241de53f",
                "sha256:4c834a3921375c48ee6b9624061076bc0a32a60b5532b322cc0ea64e639dd50e",
                "sha256:4c96f993ab8c98460cd0c001447bff6194403e8b1d7e149ade5f00594918128b",
                "sha256:504b6f59505f08ae014f724b6207ff6222662aab5cc9542577fb084ed0676ac7",
                "sha256:527b37216b6ac3a12d7838dc3bd75208ec57c1c6d11ef01902266a5a0c14fc27",
                "sha256:5418b53c0d59b3824d05e029669efa023bbef0f3e92e75ec8428f3799487f361",
                "sha256:59a03cdf019efbfeeed910bf79c7c93255c3d54bc45898ac2a4140071b02b4ae",
                "sha256:5e05688ccef30ea69b9317a9ead994b93975104a677a36a8ed8106be9260aa6d",
                "sha256:6359a3bc43f57d5b375d1ad54a0074318a0844d11b76abccf478c37c986d3cfc",
                "sha256:643f189248837533073c405ec2f0bb250ba54598cf80e8c1e043381a60632f58",
                "sha256:65dc69160114cdd0ca0f35cb434633c75e8e7fad4cf855177a05bf38678f73ad",
                "sha256:67172f2944ebba3d4a7b54f2e95c786a3a50c21b88456329314caaa28cda70f6",
                "sha256:676b2815362456b5b3216b4fd5bd89d362100dc6f4945154ff172e206a22c024",
                "sha256:6a418691000f2a418c9135a7cf0d797c1bb7d9a485e61fe8e7722845b95ef978",
                "sha256:6abdbfd3aea42be05702a8dd98832329c167ee84400a1d1f61ab11437f1717eb",
                "sha256:6be31e3fc9a621e071bc17bb7de63b85cbe0bfae91bb0363c893cbe67247780d",
                "sha256:7107195ddc914f656c7fc8e4a5e1c25f32e9236ea3ea860f257b0436011fddd0",
                "sha256:71f511f6b3b91dd543282477be45a033e4845a40278fa8dcdbfdb07109bf18f9",
                "sha256:7859a4cc7c9295f5838015d8cc0a9c215b77e43d07a25e460f35cf516df8626f",
                "sha256:7966e38dcd0fa11ca390aed7c6f20454443581d758242023cf36fcb319b1a874",
                "sha256:79ea0d14d3ebad43ec77ad5272e6ff9bba5b679ef73375ea760261207fa8e0aa",
                "sha256:7aee118e30a4cf54fdd873bd3a29de51e29105ab11f9aad8c32123f58c8f8081",
                "sha256:7b161756381f0918e05e7cb8a371fff367e807770f8fe92ecb20d905d0e1c149",
                "sha256:7c8ec7a017ad1bd562f93dbd8505763e688d388cde6e4a010ae1486916e713e6",
                "sha256:7d1aa4de119a0ecac0a34a9c8bde33f34022e2e8f99104e47a3ca392fd60e37d",
                "sha256:7db51d222548ccfd274e4572fdbf3e810a5e66b00608862f947b163e613b67dd",
                "sha256:819931d25e57b513242859ce1876c58c59dc31587847bf74cfe06b2e0cb22d2f",
                "sha256:83e1b0161c9d148125083a35c1c5a89db5b7054834fd4387499e06552035236c",
                "sha256:857844335c95bea93fb39e0fa2726b4d9d758850b34075a7e3ff4f4fa3aa3b31",
                "sha256:8797edc41f3e8536ae4b10897ee2f637235c94f27404cac7297f7b607dd0716e",
                "sha256:8924748b688aa210d79883357d102cd64690e56b923a186f35a82cbc10f997db",
                "sha256:89bd777bc6624fe4115e9fac3352c79ed60f3bb18651420635f26e643e3dd1f6",
                "sha256:8dc70ca24c110503e16918a658b869019126ecfe03109b754c402daff12b3d9f",
                "sha256:91da1d88226663594e3f6b4b8c3c8d85bd504117d043740a8e0ec449087cc494",
                "sha256:921bd305b10e82b4d1f5e802b6850677f965d8394203d182f078873851dada69",
                "sha256:932c754c2d51ad2b2271fd01c3d121daaa35e27efae2a616f77bf164bc0b3e94",
                "sha256:93efb0b4de7e340d99057415c749175e24c8864302369e05914682ba642e5d77",
                "sha256:97afb3a00b65cc0804d1c7abddbf090a81eaac02768af58cbdcaaa0a931e0b6d",
                "sha256:97f07ed9f56a3b9b5f49d3661dc9607484e85c67e27f3e8be2c7d28ca032fec7",
                "sha256:98a9afa7b9007c67ed84c57c9e0ad86a6000da96eaa638e4f8abe5b65ff83f0a",
                "sha256:9ab6ae226de48019caa8074894544af5b53a117ccb9d3b3dcb2871464c829438",
                "sha256:9c412fddd1b77a75aa904615ebaa6001f169b26fd467b4be93aded278266b288",
                "sha256:a1bc6ba083b145187f648b667e05a2534ecc4b9f2784c2cbe3089e44868f2b9b",
                "sha256:a418486160228f64dd9e9efcd132679b7a02a5f22c982c78b6fc7dab3fefb635",
                "sha256:a4d336baed65d50d37b88ca5b60c0fa9d81e3a87d4a7930d3880d1624d5b31f3",
                "sha256:a6444696fce635783440b7f7a9fc24b3ad10a9ea3f0ab66c5905be1c19ccf17d",
                "sha256:a7bc6e6fd0395bc052f16b1a8670859964dbd7003bd0af2ff08342eb6e442cfe",
                "sha256:b4b8f3efc8d530a1544e5962bd6b403d5f7fe8b9e08227c6b255f98ad82b4ba0",
                "sha256:b5f56c3f344f2ccaf0dd875d3e180f631dc60a51b314295a3e681fe8cf851fbe",
                "sha256:be5463ac478b623b9dd3937afd7fb7ab3d79dd290a28e2b6df292dc75063eb8a",
                "sha256:c37d8ba9411d6003bba9e518db0db0c58a680ab9fe5179f040b0463644bc9805",
                "sha256:c84d689db21a1c397d001aa08241044aa2069e7587b398c8cc63020390b1c1b8",
                "sha256:c96d333dcf42d01f47b37e0979b6bd73ec91eae18614864622d9b87bbd5bbf36",
                "sha256:cadc9e0ea0a2431124cde7e1697106471fc4c1da01530e679b2391c37d3fbb3a",
                "sha256:cc3e831b563b3114baac7ec2ee86819eb03caa1a2cef0b481a5675b59c4fe23b",
                "sha256:cd8ff254faf15591e724dc7c4ddb6bf4793efcbe13802a4ae3e863cd300b493e",
                "sha256:d000f46e2917c705e9fb93a3606ee4a819d1e3aa7a9b442f6444f07e77cf5e25",
                "sha256:d9da3df5f9ea2a89b81bb6087177fb1f4d1c7146d583a3fe5c672c0d94e55e12",
                "sha256:e5c5858ad8ec655450a7c7df532e9842cf8df7cc349df7225c60d5d348c8aada",
                "sha256:e67d793d180c9df62f1f40aee3accca4829d3794c95098887edc18af4b8b780c",
                "sha256:ea944117a7974ae78059fcc1800e5d3295172bb97035c0c1d9345fca1419da71",
                "sha256:eb76541cba2f958032d79d143b98a3a6b3ea87f0959bbe256c0b5e416599fd5d",
                "sha256:ec1ee50470b0d050984394423d96325b744d55c701a439d2bd66089bff963d3c",
                "sha256:ee92f2fd10f4adc4b43d07ec5e779932b4eb3dbfbc34790ada5a6669bc095aa6",
                "sha256:f0f5d8f4a08090c6d6d578351a2b91acf519a54986c055af27e7a93feae6d3f1",
                "sha256:f1f182ebd2303acf8c380a54f615ec883322593320a9b00438eb842c1f37ae50",
                "sha256:f8a5827f84d973d8636e9dc5764af4f0cf2318d26744b3d902931701b0d46653",
                "sha256:f944255db153ebb2b19c51fe85dd99ef0ce494123f21b9db4877ffdfc5590c7c",
                "sha256:fdae223722da47b024b867c1ea0be64e0df702c5e0a60e27daad39bf960dd1e4",
                "sha256:fe27fb049cdcca11f11a7bfda64043c37b30e6b91f10cb5bab275806c32f6ab3"
            ],
            "version": "==11.3.0"
        },
        "pyarmips": {
            "hashes": [
                "sha256:02ae40b7ff1856497b710efec6483fce15326adad3e32046710d6c245f3d8762",
                "sha256:071a25b81374f5f88d6e1f637eb37795d885a4088374cda90d84e3fdb4f33961",
                "sha256:07cce7c77948631a96292866ad0a4fe25f3e22eae177cb72aa978705b1b05bd8",
                "sha256:0c0b085c3aab1c4e2357b0f3ffc33e2764f5900d138120d312a9ecda7c10dfe5",
                "sha256:10145b338271e874dea2b8a0d9dd905453382524bbbe7ec689ff9f8720d7849b",
                "sha256:11437c7c8860fdb3adb2d2fb10be78c538a3e09bb29e8d406c65b204e55147bc",
                "sha256:11762f541849d9769ad5a9fbc41933882d316d6ff186ad2a225fb81a4c1d251c",
                "sha256:1c6cc5ac435ceca48fcd18ceaaa80b5a22f4b0e45a363cc9d1fee3316f9fda0a",
                "sha256:1e63f673d8c3598c31ddc3fffb662d4faff3722561a0f6ffab4587e25820bf50",
                "sha256:22ddd2301864eee1c273d1d1c85e543e1d2a40754f579ca60c3e30f7efffb44d",
                "sha256:231e9b2fb8778d2a992f0facc1f0d8a36821e6f1a123b0b79579d5e3f5d1ddbb",
                "sha256:2cd879be9a0c3aee25d9aa8438b9fd67a6b78b06b66fe8705da0472d258c9b9c",
                "sha256:2dff13fe6ee05b3c7b762ca0ce0df39c1a952b21f1472dd24fa3be4b95738b1d",
                "sha256:2fac30c40b880c1627d3dcf3550e03375f81afa70b5e18c7c40ac66d65505b7a",
                "sha256:32c1ace3c36f8c27c4d1c0aa900401aac5928c3d5551f6dcc55b7be315fff0ae",
                "sha256:37cff62f2ad55834473ec514e668fcdb1583222780b1158cd356d4285e49ab08",
                "sha256:3e4b49c0bf07280e3a8a67567295432e308dee4f1207db4cdc65f1e7f11bcf16",
                "sha256:3ef31acac710d44279875bf71bd4d0ad7aa9c02881890878fd55497ee1743f13",
                "sha256:3f847a2ea50c72d97a4a14b67a7dd3fbce2f57fba719f324024359e61e52cdc4",
                "sha256:3f9f7bb30b681d7e79552dec095309cf091abdb4a1034a4b8c9fbbb479fe1009",
                "sha256:48978933f47aadc593ae536fd71f04bb7df36967340c86e5eabfe1f0f0e4c312",
                "sha256:4f690b7f00c93f0489fd373e877422be9f3ae7956da41e323958ea03bdf6cc15",
                "sha256:521cc141f63368665f0d345a9639b86504da4ec8a0b6c6ccea6e68348f72aa87",
                "sha256:52ff5d853726f7f7940305a787ce9f688e21459ffdc2a697004073d5cf9702de",
                "sha256:58a4be1c159f18d44fe4fc0608d0514ceccd25cdd3bdb477a6804eaa7228022a",
                "sha256:601754a2e531a73a0efc93601aab68c37cd9bfa84e1da5eb72f7660db05a6ef5",
                "sha256:60fdf233fbbe2c74c6d1bd772b5f9d7d52f24544122dc7b01480dc7c32359b24",
                "sha256:616df63eab9bac264505b666b0e627f7ec44877d0a6d679cedbcaca567e7b56e",
                "sha256:644efb3a10fd258cf17e753e7a7e4500ae5c07c4d5e6b775e0c95086454967c5",
                "sha256:6c4a74d88115032c45595dcd020070b176a337a0b0e83471889c56954b766a4c",
                "sha256:73f989e24dda0b1d391ae4cde8154b62d941bc0aa92b0a36f74dda08b91eb321",
                "sha256:7456bebb85253be9ab562e4db3310f50515e5b8708dae6e9d08494e5fffe26be",
                "sha256:7523acccec9bd1e929642fa30c3bfa150141343cacac4e5720000a291db495b4",
                "sha256:7893667effb95a1292c177e764012d829202e14ac058fef94337d2939c84c9f8",
                "sha256:7a77c8c83603e7fb21a0d25d3744787aeea624e8a02ae31fb51faf5bf1b4a0c6",
                "sha256:7e187b88bb894f9d9a3617a0cfe7f5d5caf42d40300a32192946dffda9d8bd73",
                "sha256:86259e0c67dc43e79fb60bdd84d73c57dfe027fc643520a776c6774677e242fc",
                "sha256:8c168d34bf93aeee6ce2ce3a405dcd1fc13c5f0b0bbee7785f1efa1b923f80ab",
                "sha256:9454e992ca121fb1b3963ce9a4f234022d1164b1aa828434c536fe48fa7a131c",
                "sha256:967fec27df69464dfed0f4cf4dbdf2d9b789dcc6f58c9d6ecf5d2818cf6ebaee",
                "sha256:974773d4eefe1a8b43425d7904d1fbc150ede80d962be08cd0aef23fb388e7ab",
                "sha256:9831cf64486c6ad1116b7d635a6a1186b19527b4cf52d37480b75e2cffe9a1c4",
                "sha256:9ca26211237b8b220181a735567c2a41fff2b45da1aa8851e093c93d8a705531",
                "sha256:9dc3ab5eef699d617bc3ff18a3d8275c2c350b83537865fa82b5086e0a27f586",
                "sha256:a1c610da4ad99bad944298cf83c26f779e7ed27f0015dd31ab30724bc0c6be7a",
                "sha256:a5ee19d5f14fa298963ada494f391401ebfc2d611695861b514e84188a6bf5e4",
                "sha256:ac79b4d216a0ec55873d9ed6f27e28da07e61fe19f0cf22f6d4659d6420085ac",
                "sha256:b5ddbee0f54f6c0627a6da6776261c2b11b057dfe57df72dd023c3e5d7fd5bef",
                "sha256:bc4df2901373950ed1b26948acfc02b923fde4a6e0558421dd0d01cd37feffc9",
                "sha256:bce90a973955d4d9f15017b2638bae6357f386afe66af7f2c5593c8050af9813",
                "sha256:c4220a4ffc9e65400837ec8eb7ea7a338ededfcdaf2dc17b6ab159af2051ec01",
                "sha256:c5c96e3160bb50f52659957d503aca5d5138f3769de0c8f1f7e1eafae0e7f54b",
                "sha256:cd47f06c1fff760db3e908fd45314efbe7720c44c9e816dbf558e468cedfe98c",
                "sha256:cffc665a54e9c762152f839e4bce01ba2c6c1cae200a2424492cde086754dba8",
                "sha256:df5678ee98c5e1ec68b05e444c44d186c16bfb4727abe18ee9154692423d7542",
                "sha256:e03280a0458b5fdb60d8a54f6bdede72bb00697641299c7f25ec9985b4a91b3b",
                "sha256:e08cfd91dd6a80f50b7e57ce8627057c7f0c266aa61d698de2a8781e8dc35d01",
                "sha256:e13576f028c4077e9554c77d922caa51e7e398d90e4f84f7916f5f1730848b4c",
                "sha256:e52043bcbb74e06ae73a8da74b9f7bb8ec98ab0cd7869592b53b18403458a760",
                "sha256:e6ced5f7e96ef23eb6c5c8cfe237ef05bb09d6ffcb9678078a45812d98fd3bb6",
                "sha256:ec697b2b66c4d856b299ae8edc762b66eb3bb04b5828e22c4d7fdc2f230fb925",
                "sha256:f0df8a4a7046ee745f20dcd6db39c8f232bbb14dde6e6e7854485513c2ec720f",
                "sha256:f8ae4ca39537ac55e515724a4196cae04a2b53c9f92b9320d54e632a4b22cf3e"
            ],
            "version": "==0.11.3"
        },
        "pyxdelta": {
            "hashes": [
                "sha256:023dc85fe9790cdd68170c35c94f89bf2afab964b905e44db4c2b1ee52970dfc",
                "sha256:093983902f1d43b2378b92fbf7cadcb036769bab2948622e235d3cc0f080b2ae",
                "sha256:0e61ff8b7881d290a95e8db6dcf10a3584cfcfc318153939fca4f7ac506128b3",
                "sha256:103b4059003ce325fe7325ebbe127051bc157074a8e668b3be42e5a5cd79584b",
                "sha256:1127cf9c6c0a798d7b392f3e53c5b574b56c1c3ef8ab7d753d60cfaebf49b271",
                "sha256:11fcbd5b43fe52cf6d3270b5f175f3d1a88c6564ab2226ff5c5c6ad8a4759133",
                "sha256:12fc4e289f6251881d06e4d09059f225155ea31515c2695adae6542d162e29d9",
                "sha256:16358be18c3b6ce48892c3929cb38ffa8a843aec838a38e0da7ea7f29a4ca292",
                "sha256:16cdf89a369e2868d1d151e75966890f8b0403fa1ab449996c519f4e4d86d828",
                "sha256:1c99bd69dc3e59473db6be7ba2dc44c0bb601ca6880d8976eac18ea39401c814",
                "sha256:1d0a722a96e8b5d97f95de5984b4bd9b64c382b36667ca244050e81a387ccfd2",
                "sha256:20a340ed50ecb8aa55a1e360ea6e3845c4cdafd6d41e9c39cd08f047443935e5",
                "sha256:20bab8c02947e188cbea8107c925d72c9d1ab96774840d50cc92722d2dd5e4cb",
                "sha256:222e604a5e57ae50ab916bb7519d248d1e377418cc72502f28f4086d046abe81",
                "sha256:245f38d607f137a16a395b07697fb199f59b3b6a915c86b24d734fbe5cf0ddad",
                "sha256:2f6a82f5921e0b7e9311cf6b78ff255f3dc8a2472f00f388c53f4608e13e5388",
                "sha256:30f71fee5827936fa4ccbf1d79b23cd5536a1947ce85bb013ad59be6c40e4594",
                "sha256:34bcf75599d1f27a61060a868f837fc9fa83068a82ae54bc66288b07eec6ef5e",
                "sha256:39b3ca8a5bb8566c05c76500feb626d699e23f479023ccce4b7c619890e83d2c",
                "sha256:494d039c9287b0be9f2c3b2ae2a79f0995a7b0a3e253d93516f78a0cc6d8a6b0",
                "sha256:4db7e53f2651db2c370bb63f53be3653b90046ab56ecd94cb0a4ef3cb05368e8",
                "sha256:511a6d92ec00831f6f16f709d2dd0418c087e269fd6f3823230b1be55daddf85",
                "sha256:54582d6194a10804309346a9915f87b6c57f4fb65254273ad008bc0709c549b1",
                "sha256:548c41664965646e1cac3fecac99d65c068d9c7cf416c5b523e44d288a4d35b8",
                "sha256:610be55ef7d5962f20078f138080f8c5b44d7795c54f18617aee4a399fa052b7",
                "sha256:687d4004592c75fea13ea4b5df93853fcf7b5bc9c0480aa2dda8eb6f18b73758",
                "sha256:68cc38e50da312ee89112fc15d01f14bf5e7f2d142b506130683f2d28c0f4ae6",
                "sha256:70d787e96db2e79d26277c43c4508da74ecb16376fe9b355181ec0f8cfe5357c",
                "sha256:72b1870dde2017bf9f4d555a817c7f25865d574112c11c6caab6c7a99e5c1bda",
                "sha256:736442a7df84da96f7a5f407715b3d7eeece5dea56257b15761875221a7da902",
                "sha256:73c08f0e2d62f2b4e314576aaf9f322118d703bcdda2bcffcd6acee4dd11f60e",
                "sha256:777288acfb945e8c8a1cdc568b767c86a7a3b4fc2bc2df59f225ef9436a5f675",
                "sha256:7b150d7f0715bb78fa6c7c98a501ee2d5a8ee28b254904023541f6fde5dc9681",
                "sha256:7b868bd38bc9a80806f4f23d0b2f694e51814c568a49cac04d84956f1e120bde",
                "sha256:7c5e5d88b1d2475aa8ca0a1d1bb8c518b49c02836ccb6cc3f1d684b6e25c9a22",
                "sha256:837d4904daafea924aae2b01d20d961a8453afb76a543f96c2ad89d08bd1c0e9",
                "sha256:8b570991b8341cff15a68773288a9e06bfefcc9b50859b7b43a7119527ac6829",
                "sha256:8e4d2a84a57e837424fe3088cd55360aa00dcaa5cb0489663f5ae8025d6311e4",
                "sha256:8ec8098111c2b855d2a304e82ad95869fc22d323c3598842677db565bc462189",
                "sha256:9411774ec5c6ad9485862f76b5807b810a94a721e82a3575dc8aaaa2e8f15967",
                "sha256:957980de4d0c568f9c21e568280324b540da74b125eff7d9576ada2d4eaacfac",
                "sha256:9a6be3f5f1c35fe574740d72b7301a19138f9e5d43486d11d96a2e6b1b37fd16",
                "sha256:9bec6a6ea862cbbce8757d34ea4105be8fa89704227b5d59ccac43e633254a83",
                "sha256:9c3a4fb82d10ab278ec0d5f665704555b2a74394398c251bd30db75be3adc78b",
                "sha256:9c5ce705c96b7f5e1cd9493f4ed19a2562a611e8c32df8db9ddca816d306f17a",
                "sha256:9cac56f81bb35c18730025deaacb25e377232d32812f8bbe859a9fdb49b5fe64",
                "sha256:9cf9025c9614c8f7e8e106191075c5dd549e28b855b470370ea5c878bc0cf614",
                "sha256:9e0674324199a6769377bac0b57601721aff64812c53803737dbf0284c4d4844",
                "sha256:a180e318e811f0f89d83621830ac306ae3a4a67e31a788611ad61479e53b4a24",
                "sha256:a2e9013ded9941eb04d78292d2f77db0ca3bc89f3b3942b5e666cb0b5b85e29f",
                "sha256:a3d68b4d813d8ab26c7008e9f80f89b4c91b0ed7dbbf24ea9041a9eb668bb46f",
                "sha256:a9408b815a0d4859dacaef91a9d8462c6d151ca2ea7d2a91a2b517e1524dd9bf",
                "sha256:ac9093ea44b8d329a7fa6c1c9c327851b42077854ff9c67f6f3403a4891ddcda",
                "sha256:af9e0f77c2ed7458c2fdbebb32b821d579a1317b330ceed8afd89a95e899374b",
                "sha256:b2da7f6aa4ad24b00f49175e3f9bfa3ff8f0cb813d256cb61b45d7d129995e1a",
                "sha256:bbaf7f3b7eb9fef46ae0454d27bd930930518d0b241033e3c29b609bce80c94b",
                "sha256:bde5d08ec4adb3812561a040e87a2b22c95ba3e8257ff00bebf8ba2ec07b0591",
                "sha256:be940c7319e46f707ad3feb0df92ab01e4ca42f5d9f3beff6b87aeca47b34c6d",
                "sha256:bfa478ac840623e028589684543a00f254a6d8cab6be9362e6cf5c086f03599b",
                "sha256:c2023d7337e3901036bcd9182433f789558d0e59533bdef13e28d4ecc4369f51",
                "sha256:c3f616641dc0231fd0f1fad1547ccf31e127126ef0a779a8298a5bd0d92129a2",
                "sha256:c52fef8a43bf2affd024882f30005bc45b1e5c96f75fe992c378e06d637999d5",
                "sha256:c7a5492e735d6134989a65847d462bf79f410c8082da9014c029d6206973ddd3",
                "sha256:cc865d2aff81e7af59de9d78e614b5e74651f3c5bec9f2babf4bdbadf44f7ee7",
                "sha256:cdf1631b8c54237acc90029d32ce4f4463a4eeb7ccdb1b94a64c5da9196f377a",
                "sha256:d2310b868992c06fefd43ee4219247b901526d323a2fc9495a9e76f22498320f",
                "sha256:d7bb73f07516b9fd977a85a32bf7aaded0917d622ceb1b804f19ca390d74a790",
                "sha256:de5bc430680530a025e4b5cccb55f9e1b7e3aca6a7413fcf2eb9d471322059f8",
                "sha256:df89c640c02c58801d8ca80ec31569687f859a681034d2c029611e86fdaed56b",
                "sha256:e4acc3163b42a3facfbaf165d21a188dfe37cce4480bb0ba788d817cbd79f7ce",
                "sha256:e5e0b4f211bf6b39083771398b464a30f9ad23e33a4ff0fb170689b1d1b44da4",
                "sha256:e7ee528560e1751cefa72624f2217cedbd5ffa470e1065de63ac514b986bba5b",
                "sha256:e81a21b606eb66315f79d805d0efa585ae023c68988107c122049ca64823767c",
                "sha256:ebc54308718202dd5fe795b7ebc28eda096e8cff5c9b625bbc48c5ab9cd821d7",
                "sha256:ecc240250f3ae629eef1f8526089e6b21284e75e0899a157ed00e79aa20232fd",
                "sha256:f301d08208a79375237ab4076ca63fe1d31c642b9743508071a3c2bb986011de",
                "sha256:f6bdc81e2becf7fb22cb466fdb05481274f0c338b85d5d01c7901eaa3b2faad0",
                "sha256:f745350c438e8ae6efa1b6804b296f73e3ed19ad5fdb109f40086fee1b275d73",
                "sha256:fb59767f6100aa8b6e4c7a2e51f2a4b9d1121a3dd806402ac36340f6c6305b01",
                "sha256:fc4365b867f877f52f7da16e4d2eeb4a389289d39eab42bbb00991f88ad7b68b",
                "sha256:fd47e573ef5e4ffe20320b115812c92d7164b51172218171ba52936a75627abb",
                "sha256:fe8330c6c7351af666591e44c1cafe90f56ccd565b9995df218c5b0a521f2870"
            ],
            "version": "==0.2.2"
        },
        "tqdm": {
            "hashes": [
                "sha256:26445eca388f82e72884e0d580d5464cd801a3ea01e63e5601bdff9ba6a48de2",
                "sha256:f8aef9c52c08c13a65f30ea34f4e5aac3fd1a34959879d7e59e63027286627f2"
            ],
            "version": "==4.67.1"
        }
    },
    "develop": {}
}
