{
    "_meta": {
        "hash": {
            "sha256": "ccb4014b127b84db04d724730dd065d67b8fd18675a79b880b83ed96c6c5fad3"
        },
        "pipfile-spec": 6,
        "requires": {
            "python_version": "3"
        },
        "sources": [
            {
                "name": "pypi",
                "url": "https://pypi.org/simple",
                "verify_ssl": true
            }
        ]
    },
    "default": {
        "aggdraw": {
            "hashes": [
                "sha256:02ad4b31804a815d4e802a29893e3d2ebcb186691e7a4843746cd11ccec55aeb",
                "sha256:0510db8ad1030532e7ed104a9ca09f4b6691bc179955c351e45e34ec7184c70b",
                "sha256:0db0fd497fc919d4d353b41c4af62754cbbf2dee7c23f63505dd5ec6bb1a4d4d",
                "sha256:0ec16d58854522b582e4c83e7c8e2086c07ec0fe1a119c2de5a3287c2f52f422",
                "sha256:0ecdafedf9723a6231dbc02bd2a0ef114c87c5dcab1a2ce3d46e4b9efb823ddb",
                "sha256:1d15b673003ed5a205ac20e158a74afb29d7da21a6210878dfcddd91c92d1be0",
                "sha256:1ffc197a5463b8316a702a28f7297d717f479622c665ad35a53d120fb4eaf6ca",
                "sha256:20cab8d1b830fd42ded4841891194414186a3520cb1f6bfc72f415739c1acb51",
                "sha256:35308909cf9a78d3499d00394683e71cafff9353cfefb8cd51d03547253513d9",
                "sha256:397e2434dd94f0368cd0d77873a0f9343452181a27bedb4243a956f542f4e665",
                "sha256:3e192690812b57da9cbef69966b0b91578aceab69af1235edd406c12309b555c",
                "sha256:429fe14093f74df52840706cb644a33a42c98626e9f0b16673de576c92892f68",
                "sha256:45088606a496c26fdd398e17b8d0a9608b43ebd9831ea0b167ba8b1e789ea37e",
                "sha256:6f77d925fc57fc1bc4345f02b84e30e55aa24334e1aa923cc72ebbb61445acea",
                "sha256:867aa70f189b97de52ef55629990706ee331bb2693fd8e4456f9738c626e8293",
                "sha256:8bd59e39d955bb7c84b5c2582c52111a591b883eca508268399d8afda2dd8ea8",
                "sha256:93c1246f5877b4ff9b2773fa1a16c012a4efe8ab9eddb310e1341b529d2d9b58",
                "sha256:9aba19855e6b23c36e18a9462ad319ad11a7c222d33341ae21a5669840e5018d",
                "sha256:c83c9f50ae249d9821037461ec4050a6b56173f4223d9985aa46b096fb548451",
                "sha256:d9628cd3acc63e05d2391c8f3a8d0ef64b37798eea9bc8c69acf242203d0758f",
                "sha256:e0771ce1ddbbc30df37a0122c736d2ea332e15d0fe3d0f3e8b5730ca6129893d",
                "sha256:f1a6ce32c692da750eb64fb5f4a37e82e7964e043e283a1496fddd813ae84c75",
                "sha256:f4daec70913d96a147eebf6e55c9dca54c6bd4b5337cc4565293444378d2f84f",
                "sha256:fb48f079637803354fc001dc162efbac8904fe53bec12d668be77016c0ee3da2",
                "sha256:fda5090d06c5a603af1cd83754b82aed6be2d4e4a5a43def13aded3085f5d450"
            ],
            "markers": "python_version >= '3.7'",
            "version": "==1.3.15"
        },
        "attrs": {
            "hashes": [
                "sha256:29e95c7f6778868dbd49170f98f8818f78f3dc5e0e37c0b1f474e3561b240836",
                "sha256:c9227bfc2f01993c03f68db37d1d15c9690188323c067c641f1a35ca58185f99"
            ],
            "markers": "python_version >= '3.6'",
            "version": "==22.2.0"
        },
        "bitarray": {
            "hashes": [
                "sha256:021d5f69b6ed3d674d95c99d7e3f16c8f750f67ac7395592543807c36e706f0e",
                "sha256:026cfda32022ee80b4956665f9536b4ff7ace6612f113c412d477d63b05745d7",
                "sha256:0fed50b9f47823879f1e62c7d599777cdeabe0979919fb94e2aa4ee4e8a5f58d",
                "sha256:1190c963e38cb6d60574155b62b2ef130ce0ad14cb79d84ea1a39b27a784dbf7",
                "sha256:1740c618c903e24797ca5fae3d85f8806c9193623106cef99b7aa60e457c2cc3",
                "sha256:194b738cbc8cdceaa25a4b393a3a8f43090f14704ecfdadac8c18407c15e158d",
                "sha256:1e51133da6c01c028d8fae0145bb3f82475f06bb23b35ef262c0c1bd15db0ff5",
                "sha256:1f16738dd55788a19bfde25ba2ab4f60fefd028b659a6ce2ae2158371ad166d6",
                "sha256:29c8f3ab0d95ff7eb30c556d71c166d7f5f2a40f1db365e7c703f9a32ff525e1",
                "sha256:29e421015c881bbcc509d40469ed84058c7c39d72ed459c68e90be5f40f1e82f",
                "sha256:2e3a0178cd4fd7cdd835d8cd166bf8a3e5b1bd5703a2e14d15ed6234737517ef",
                "sha256:2f437687aed4accb75ec6325d4c8747901e766b12df1c4ed9eebaca1f98068c8",
                "sha256:333747da2365c1df10881a57f2015bcf93cf3cb2cd8e33207628596e42c3d618",
                "sha256:3643817c717bbfaf7ee44d40b0b1b0fd0fb3dcd7e9d14c742d7c08cc8e7b8a31",
                "sha256:3af6c3b7d803df41a68092b6d1164feeca8bb7eb5a1b2be9b666700ffa18e84b",
                "sha256:3c484020a523f2c671bdc5a91bd7f1ce87440b817ec14f0dd4b2320f32bc8ee9",
                "sha256:42da7ab8fade0adcc9594b546ab57acca167bff57d1b2f1ec9fd2b9bdddd46ad",
                "sha256:43a474e78d1fbafd09837140ca3e31429ee31a6ad86ab146af577019d41bfc8b",
                "sha256:4839626b802fc85adf61753dcc526e585b49b32e8cd0a46fdc8fd91970cd0d72",
                "sha256:4b356a87cd0271988a90783bccf48bc8e1c7b2e026f8782107aa5b2459369014",
                "sha256:4fc37c92391f1d0ecbdfabf1b68db2f13eacdec4b1db1604c72dd3c3f923bf90",
                "sha256:50a97cce5d9612a12a9a7b3a974f91c0621565898a365cb9dad3e11f65165a0b",
                "sha256:51fe3da246133779617ae333ac81b32e1bc3e7603f89d31929e51553e1511a8f",
                "sha256:5257c30f744a2483d43c577724b4a553232c6dcd1ded32cd1aeb4c890e709ec8",
                "sha256:52677ae25ffa19691401bf47db16141e708398a456b96353ec2abe90511cd2d2",
                "sha256:5a00da10ad5afb77fa1eded733634647c83f87eafcfc8bb58de275da65266c21",
                "sha256:5a70a264caff98525ea3ca62849649771fbb05b9e52e2ced47e092f6f4c0530d",
                "sha256:5d3edf2988fff6629698e693b08787567016559f5d28f94ea0179f59a492cd74",
                "sha256:5f5f065d51ec4479a04bb5197ec47afd47c26590c92d90efdc7ab945d8d3fab4",
                "sha256:606f63dc9345c69598d5248900d497a83b58958003f246470e25de66b400c3f2",
                "sha256:615b078e6b37b1885a65e08d7c0656d1608b8ec7b512702a5643f3a14652060c",
                "sha256:619693e63c558b535d2f43e576f8f1d8c3b25428a7b73ad68b5e35e70812323e",
                "sha256:61a1b2a4826588fee73a3b87a86b7d2ae2cd16859ef4aca2d7fb244ae51932e0",
                "sha256:6d9d92b9d82264f2289097c15c0ef354fba58e58127d5ddeb17421283c3d901d",
                "sha256:6db0d0682d8334c2f347a5fb2544beb9167a2209d5c2bf2f92a3398f189600c0",
                "sha256:6dca5a48446f04828a19a0cc5379bd855aad26eff1e50cc6b79cb96afab342e6",
                "sha256:6f31c0df0ebb8908240d6d5c938ba640713920ae4996f9cfc8f5bc2f175c24fa",
                "sha256:76f94b1a536a2c38512875b1bc82a39d1e4682d74f79eb19db9107d8882150c8",
                "sha256:85a0a72fcc106e1ae5a9261de1d99ce188517dc1343d05e781c2f3fef1d07f58",
                "sha256:88c327d53acd5faf9c6c537d2c5df75e057baecd6b46768becc7fe14cdd8d9cd",
                "sha256:89bec783329e9a318ff7f6bacebe14c246a7bf9f3922d7ad09053860b0803cd1",
                "sha256:8b98bcbf3b3eb4992cf8e884beb6fe42d25d3d1a575c1f455567336fb3e16ddf",
                "sha256:8cea20ec562c982234a07e0a94c1653fb88afdc45c587b353cc16f25ba3a38da",
                "sha256:8e1d4dd3d7a84f70d01be0fe53da69f1954b68139ea552406169ae9c5e4cadee",
                "sha256:8ea16ce12b894f423126478508b169a6440fc9799a7f7eb35e08473d1788ae80",
                "sha256:9002ee11167174d874daec377f67c2683f7c10d4ff84e3f0bbda1bf444d78dae",
                "sha256:900b008a7c57806ac3112d785a5b54b7a9c685e582910b1bdb68be57b2d0fc80",
                "sha256:90bac83ba6c37ab5048b43e07eba7d0de12f301ad6641633656fa269618a7301",
                "sha256:9a8551dd0d255d16979c23d03f26b08993167789023dd2eb99cf0d7bebbc56e7",
                "sha256:9c8ec7e422b539000ab589d4a45db83f854e3fc21a73a740cb4dc40a1737b146",
                "sha256:9cbc14b8940e801cc54707aa01e5a8c94517a517f720aa3236cc1cd7486c5e5c",
                "sha256:9fecc66634f011eda569dbf09886c237225224033fc31a5c90e17fa6478d09ff",
                "sha256:a15cfa5f58a1d3124d43d93a642625caa72234687bfbd4dbff24c84457b64ee7",
                "sha256:a2741442796db0d44a1b6108c102457c3aec19df56d2211f6de30beea025ca5c",
                "sha256:a7276c6b57523f37e0b66610a543b66e33aa8bae8c4582392664a29088714567",
                "sha256:a84ae1f37644317627859f4d68f9be4cfe6fcd2709e1fc7d511b23eb7aff3030",
                "sha256:a9212e13cf20ab3388c3ef1b72ea32c77778115f33ff0de2c093bd19360206ae",
                "sha256:acce34ebcb69bc1a14ec7a9834bb63bb65eeb6d01b8346c5e06835423e4f5709",
                "sha256:ae0b4e7f07a2c6283686f3143bb6a9a4d95a930a21b54dfb1ecad65724879faf",
                "sha256:b06ea7287def76def64ec0203b32f2c171d6b8b378f1125ac3f3a96414e7a69b",
                "sha256:b1ad90016568279754f4e1772becfce0766593ea51339dbba71a7457ac66866f",
                "sha256:b444416cca8caa5c9a86e63703514c166bc6e3f37d7ce3668c7e9b93403f0de0",
                "sha256:b5580d0b094ef766f50e1d2286b2192d13f4300a6ee03a56cdf763df9623bae8",
                "sha256:b70a480515ee9b41ce634b17939a754340febad06d422b12e4a4772e2760e710",
                "sha256:b75b825ecb338a93f10048e121b7f38cf4dbdecf8a7b6ca3a85f5a58d6920397",
                "sha256:b9d9863eaad6e5b7a7e93291f568b3b49b6c006e32e6bc0f1bdf4509deb39dc4",
                "sha256:c139bfc8f10fdb43303b3e1e1b4bcc75511c45cd8b383a34f808734751614e4f",
                "sha256:c1649dff7ddbee282a52b2b692e320a7a72de994c486a97d90d161ce5fa72c5c",
                "sha256:c66d9a05f32bf5390c4ef838a0a444ecb1f5ef98b5ce398490f57abfefc26a56",
                "sha256:c6a9018839e104238ae0512f61d4c8414ce53f01971e9a0417c90eea19869c1e",
                "sha256:c939e71e9985ac836bc193fb1a3a4c7feb8d88bb6d1e4afe9cd6abe4181ef8d5",
                "sha256:ca96bd9124ed7c24b1b86f7ecfb188eff3ceb422f15408388bd9e42c2ccb5ca0",
                "sha256:ce07f0271eec9ad21451fe9b94192e0430567ab9b3bd2c819465dc87eb3dc4fc",
                "sha256:d04f76a0dc1a84a96b9fe1ad346b36796185b3334ba69877cd20cf735c98830b",
                "sha256:d5fc9464457ffd3fbd400b26bfdcb6cad72fc90c1cf2697cd0d58e056b17681b",
                "sha256:da723afce203274297028f07f7b8c8cc6daa2a31b905b6eba860741d2dda8bd1",
                "sha256:de93a82a13f042e978fbc6650112c3cd4aedabb272a6ebfc431b150889e6143b",
                "sha256:df692091edc855e74c6c753e20faa4e75da22da73736924a7f13f6c1842e121d",
                "sha256:e44146573e2934b1be17459dc497c7d41774b9cbdb1946657799303dfffb68d2",
                "sha256:e50a54c8c8d17903f714e270ceb7b13d5d14d899f5be0828f37e1cb192a8e069",
                "sha256:e73a6f8f5e42092bc5369276d8852d3f01412f135bc8338575841886a90095b7",
                "sha256:f03b7e95c7101ab4b347441daa57a847d0a48e9cb20faf1ebbfeecfba9107b16",
                "sha256:f14f628e984d46988d01402fb6ea3fae323c4bf374701c9f9c3c0d47698f02f2",
                "sha256:f20ec7427bd2a1496a8704688e419e47c2fb46f3812b091fb521dcdffdde578c",
                "sha256:f5ae1bac51da6e0cc74259cac43a3dfb2daa37e72546f1365da6161c8a43426a",
                "sha256:f86e128040198940ebb1631d59d372e388f4f19a023cc69f3156a97a56a1bab9",
                "sha256:ff7ad4a624a70e13361aedeab1c4043aa3ceb0f1af2fe36b1a74bbbdbb99001d"
            ],
            "version": "==2.6.2"
        },
        "click": {
            "hashes": [
                "sha256:7682dc8afb30297001674575ea00d1814d808d6a36af415a82bd481d37ba7b8e",
                "sha256:bb4d8133cb15a609f44e8213d9b391b0809795062913b383c62be0ee95b1db48"
            ],
            "markers": "python_version >= '3.7'",
            "version": "==8.1.3"
        },
        "colorama": {
            "hashes": [
                "sha256:08695f5cb7ed6e0531a20572697297273c47b8cae5a63ffc6d6ed5c201be6e44",
                "sha256:4f1d9991f5acc0ca119f9d443620b77f9d6b33703e51011c16baf57afb285fc6"
            ],
            "markers": "platform_system == 'Windows'",
            "version": "==0.4.6"
        },
        "crcmod": {
            "hashes": [
                "sha256:50586ab48981f11e5b117523d97bb70864a2a1af246cf6e4f5c4a21ef4611cd1",
                "sha256:69a2e5c6c36d0f096a7beb4cd34e5f882ec5fd232efb710cdb85d4ff196bd52e",
                "sha256:737fb308fa2ce9aed2e29075f0d5980d4a89bfbec48a368c607c5c63b3efb90e",
                "sha256:dc7051a0db5f2bd48665a990d3ec1cc305a466a77358ca4492826f41f283601e"
            ],
            "version": "==1.7"
        },
        "docopt": {
            "hashes": [
                "sha256:49b3a825280bd66b3aa83585ef59c4a8c82f2c8a522dbe754a8bc8d08c85c491"
            ],
            "version": "==0.6.2"
        },
        "hacktools": {
            "hashes": [
                "sha256:3f576733722be64dac52f0aed6c260bdc3b4a3075cdb008d4eeb483e8fe55efa",
                "sha256:c593980f5390a260037480fc5e00af1d67030b7e5a5e7cc2e48013e9e527af29"
            ],
            "index": "pypi",
            "version": "==0.25.1"
        },
        "ips-util": {
            "hashes": [
                "sha256:478502f573f2b92f6409ae9efb129025b9e2cd2d71b2c9b6f1fd1796cb311933",
                "sha256:7862e9fbf09d7a9cdfdac05062755a1bad2d64bd54737046b497852b84d98f2b"
            ],
            "markers": "python_version >= '3.2'",
            "version": "==1.0"
        },
        "ndspy": {
            "hashes": [
                "sha256:b928721fe0bdbbdd9b1b6568d1395a72fa74d0781db345286f6ce2f7be8a23ac",
                "sha256:de53676e262ed88151526c4f5118fa9beaa8a301855d32cfdc623e4bd6de2991"
            ],
            "markers": "python_version >= '3.6'",
            "version": "==4.0.0"
        },
        "pillow": {
            "hashes": [
                "sha256:013016af6b3a12a2f40b704677f8b51f72cb007dac785a9933d5c86a72a7fe33",
                "sha256:0845adc64fe9886db00f5ab68c4a8cd933ab749a87747555cec1c95acea64b0b",
                "sha256:0884ba7b515163a1a05440a138adeb722b8a6ae2c2b33aea93ea3118dd3a899e",
                "sha256:09b89ddc95c248ee788328528e6a2996e09eaccddeeb82a5356e92645733be35",
                "sha256:0dd4c681b82214b36273c18ca7ee87065a50e013112eea7d78c7a1b89a739153",
                "sha256:0e51f608da093e5d9038c592b5b575cadc12fd748af1479b5e858045fff955a9",
                "sha256:0f3269304c1a7ce82f1759c12ce731ef9b6e95b6df829dccd9fe42912cc48569",
                "sha256:16a8df99701f9095bea8a6c4b3197da105df6f74e6176c5b410bc2df2fd29a57",
                "sha256:19005a8e58b7c1796bc0167862b1f54a64d3b44ee5d48152b06bb861458bc0f8",
                "sha256:1b4b4e9dda4f4e4c4e6896f93e84a8f0bcca3b059de9ddf67dac3c334b1195e1",
                "sha256:28676836c7796805914b76b1837a40f76827ee0d5398f72f7dcc634bae7c6264",
                "sha256:2968c58feca624bb6c8502f9564dd187d0e1389964898f5e9e1fbc8533169157",
                "sha256:3f4cc516e0b264c8d4ccd6b6cbc69a07c6d582d8337df79be1e15a5056b258c9",
                "sha256:3fa1284762aacca6dc97474ee9c16f83990b8eeb6697f2ba17140d54b453e133",
                "sha256:43521ce2c4b865d385e78579a082b6ad1166ebed2b1a2293c3be1d68dd7ca3b9",
                "sha256:451f10ef963918e65b8869e17d67db5e2f4ab40e716ee6ce7129b0cde2876eab",
                "sha256:46c259e87199041583658457372a183636ae8cd56dbf3f0755e0f376a7f9d0e6",
                "sha256:46f39cab8bbf4a384ba7cb0bc8bae7b7062b6a11cfac1ca4bc144dea90d4a9f5",
                "sha256:519e14e2c49fcf7616d6d2cfc5c70adae95682ae20f0395e9280db85e8d6c4df",
                "sha256:53dcb50fbdc3fb2c55431a9b30caeb2f7027fcd2aeb501459464f0214200a503",
                "sha256:54614444887e0d3043557d9dbc697dbb16cfb5a35d672b7a0fcc1ed0cf1c600b",
                "sha256:575d8912dca808edd9acd6f7795199332696d3469665ef26163cd090fa1f8bfa",
                "sha256:5dd5a9c3091a0f414a963d427f920368e2b6a4c2f7527fdd82cde8ef0bc7a327",
                "sha256:5f532a2ad4d174eb73494e7397988e22bf427f91acc8e6ebf5bb10597b49c493",
                "sha256:60e7da3a3ad1812c128750fc1bc14a7ceeb8d29f77e0a2356a8fb2aa8925287d",
                "sha256:653d7fb2df65efefbcbf81ef5fe5e5be931f1ee4332c2893ca638c9b11a409c4",
                "sha256:6663977496d616b618b6cfa43ec86e479ee62b942e1da76a2c3daa1c75933ef4",
                "sha256:6abfb51a82e919e3933eb137e17c4ae9c0475a25508ea88993bb59faf82f3b35",
                "sha256:6c6b1389ed66cdd174d040105123a5a1bc91d0aa7059c7261d20e583b6d8cbd2",
                "sha256:6d9dfb9959a3b0039ee06c1a1a90dc23bac3b430842dcb97908ddde05870601c",
                "sha256:765cb54c0b8724a7c12c55146ae4647e0274a839fb6de7bcba841e04298e1011",
                "sha256:7a21222644ab69ddd9967cfe6f2bb420b460dae4289c9d40ff9a4896e7c35c9a",
                "sha256:7ac7594397698f77bce84382929747130765f66406dc2cd8b4ab4da68ade4c6e",
                "sha256:7cfc287da09f9d2a7ec146ee4d72d6ea1342e770d975e49a8621bf54eaa8f30f",
                "sha256:83125753a60cfc8c412de5896d10a0a405e0bd88d0470ad82e0869ddf0cb3848",
                "sha256:847b114580c5cc9ebaf216dd8c8dbc6b00a3b7ab0131e173d7120e6deade1f57",
                "sha256:87708d78a14d56a990fbf4f9cb350b7d89ee8988705e58e39bdf4d82c149210f",
                "sha256:8a2b5874d17e72dfb80d917213abd55d7e1ed2479f38f001f264f7ce7bae757c",
                "sha256:8f127e7b028900421cad64f51f75c051b628db17fb00e099eb148761eed598c9",
                "sha256:94cdff45173b1919350601f82d61365e792895e3c3a3443cf99819e6fbf717a5",
                "sha256:99d92d148dd03fd19d16175b6d355cc1b01faf80dae93c6c3eb4163709edc0a9",
                "sha256:9a3049a10261d7f2b6514d35bbb7a4dfc3ece4c4de14ef5876c4b7a23a0e566d",
                "sha256:9d9a62576b68cd90f7075876f4e8444487db5eeea0e4df3ba298ee38a8d067b0",
                "sha256:9e5f94742033898bfe84c93c831a6f552bb629448d4072dd312306bab3bd96f1",
                "sha256:a1c2d7780448eb93fbcc3789bf3916aa5720d942e37945f4056680317f1cd23e",
                "sha256:a2e0f87144fcbbe54297cae708c5e7f9da21a4646523456b00cc956bd4c65815",
                "sha256:a4dfdae195335abb4e89cc9762b2edc524f3c6e80d647a9a81bf81e17e3fb6f0",
                "sha256:a96e6e23f2b79433390273eaf8cc94fec9c6370842e577ab10dabdcc7ea0a66b",
                "sha256:aabdab8ec1e7ca7f1434d042bf8b1e92056245fb179790dc97ed040361f16bfd",
                "sha256:b222090c455d6d1a64e6b7bb5f4035c4dff479e22455c9eaa1bdd4c75b52c80c",
                "sha256:b52ff4f4e002f828ea6483faf4c4e8deea8d743cf801b74910243c58acc6eda3",
                "sha256:b70756ec9417c34e097f987b4d8c510975216ad26ba6e57ccb53bc758f490dab",
                "sha256:b8c2f6eb0df979ee99433d8b3f6d193d9590f735cf12274c108bd954e30ca858",
                "sha256:b9b752ab91e78234941e44abdecc07f1f0d8f51fb62941d32995b8161f68cfe5",
                "sha256:ba6612b6548220ff5e9df85261bddc811a057b0b465a1226b39bfb8550616aee",
                "sha256:bd752c5ff1b4a870b7661234694f24b1d2b9076b8bf337321a814c612665f343",
                "sha256:c3c4ed2ff6760e98d262e0cc9c9a7f7b8a9f61aa4d47c58835cdaf7b0b8811bb",
                "sha256:c5c1362c14aee73f50143d74389b2c158707b4abce2cb055b7ad37ce60738d47",
                "sha256:cb362e3b0976dc994857391b776ddaa8c13c28a16f80ac6522c23d5257156bed",
                "sha256:d197df5489004db87d90b918033edbeee0bd6df3848a204bca3ff0a903bef837",
                "sha256:d3b56206244dc8711f7e8b7d6cad4663917cd5b2d950799425076681e8766286",
                "sha256:d5b2f8a31bd43e0f18172d8ac82347c8f37ef3e0b414431157718aa234991b28",
                "sha256:d7081c084ceb58278dd3cf81f836bc818978c0ccc770cbbb202125ddabec6628",
                "sha256:db74f5562c09953b2c5f8ec4b7dfd3f5421f31811e97d1dbc0a7c93d6e3a24df",
                "sha256:df41112ccce5d47770a0c13651479fbcd8793f34232a2dd9faeccb75eb5d0d0d",
                "sha256:e1339790c083c5a4de48f688b4841f18df839eb3c9584a770cbd818b33e26d5d",
                "sha256:e621b0246192d3b9cb1dc62c78cfa4c6f6d2ddc0ec207d43c0dedecb914f152a",
                "sha256:e8c5cf126889a4de385c02a2c3d3aba4b00f70234bfddae82a5eaa3ee6d5e3e6",
                "sha256:e9d7747847c53a16a729b6ee5e737cf170f7a16611c143d95aa60a109a59c336",
                "sha256:eaef5d2de3c7e9b21f1e762f289d17b726c2239a42b11e25446abf82b26ac132",
                "sha256:ed3e4b4e1e6de75fdc16d3259098de7c6571b1a6cc863b1a49e7d3d53e036070",
                "sha256:ef21af928e807f10bf4141cad4746eee692a0dd3ff56cfb25fce076ec3cc8abe",
                "sha256:f09598b416ba39a8f489c124447b007fe865f786a89dbfa48bb5cf395693132a",
                "sha256:f0caf4a5dcf610d96c3bd32932bfac8aee61c96e60481c2a0ea58da435e25acd",
                "sha256:f6e78171be3fb7941f9910ea15b4b14ec27725865a73c15277bc39f5ca4f8391",
                "sha256:f715c32e774a60a337b2bb8ad9839b4abf75b267a0f18806f6f4f5f1688c4b5a",
                "sha256:fb5c1ad6bad98c57482236a21bf985ab0ef42bd51f7ad4e4538e89a997624e12"
            ],
            "markers": "python_version >= '3.7'",
            "version": "==9.4.0"
        },
        "psd-tools": {
            "hashes": [
                "sha256:0741c8cd3832c27bce99b830910dd332c1c2f9c6bd1020e1aa6d53f67d02e3dd",
                "sha256:1126ef2d57b48c05668cfeef8aff41ca6120e8794e4e798ee9558e38267b053e",
                "sha256:116b688bdf876b020fd4045968e35a1ed6212f48b367ea2c511d2508e6e43398",
                "sha256:16afd82d75d146de8a03a972a770b6411f94be690cea5d5236d9d983f989d4f7",
                "sha256:1c4eac969e975069e598546381cd5a9c56e548354b02929c44acf32a6319fa60",
                "sha256:2d4bbb8e1441096cf896b8e21657582cdc14f7c1285fc00590b0f0846a05cae7",
                "sha256:3c4cec656354cd3325e392afa23902777f675823346d09f02fa4c0760c86fa05",
                "sha256:422ec67d93527a84ddbaee0f249b13a93332aea486d5a40ba4df83145224414d",
                "sha256:44a78f8346c00a5e6318245b199133ac6182bb64b0f2ecadcbdc92bb1ec503f9",
                "sha256:473c0e13a24bd9c4d0ab1aafee09d2a0ad9b18ad9625d27ae3e108a7d277ef25",
                "sha256:49615c34f1e6968c4f3d2b4b1701804879756695eca8011d9e99fd9557162620",
                "sha256:69687c48056783e4ded0f304501a1f1aff39288c5d263ce85fc29ac1509425dd",
                "sha256:69897a064be554e2d021c5bbc73e0275f2b4969b2b30ced9f993afe820fdfbd1",
                "sha256:6cbe36a95c86db7f43a0869d6587a492c548d68b362e1424a9f26068d3f6f8ae",
                "sha256:7fa81ba38388ac1760ae61229681f46a7fc2ed96cb2d435b616873a73e668b64",
                "sha256:9ab1c7213afa5f69a7f2a8f17982576ac349604ddc1d84cad6ec328a22d5c401",
                "sha256:9b6bff2bf67d17fd511c4a55b15051ab4292bb74f92269b168b2cf275d1efa2e",
                "sha256:9fb8c2b8e9ff3a4656ad52606fcc62be2f75f9586ff7cb4bc9dc922909546128",
                "sha256:a17726b494cbd74cfbb9fac019ae9719e1087dfc1e9055e24d69068c62c790ef",
                "sha256:b04da48037d563ef7ef4006d9d5a4922a4c89106451f005764ee973630a3b813",
                "sha256:b4501ecaef9a9a8d5b6e5c4b518b14fa6505f21accd4681bef48ad9a0e413ba3",
                "sha256:b5c9a9427dba1ddc8c69200bfbb9c7551bab48c4fac6022feecda42db772ba85",
                "sha256:baadce2eee5ee7f5df79b8ac31166109f641eae19746bf96b797fe8608cd1528",
                "sha256:bf4ecfdeac3a8f8c5a36f14d3d8241236e512cde1ad196055f422c0565b2870b",
                "sha256:c9244c13d16e451c7e42f074aa0fe764806c775bba3fa667934aee679c965678",
                "sha256:d282d1144c2eb83fe97f91c231531da48ec6b8fabf4809ec52d8bcd1ddd8c701"
            ],
            "version": "==1.8.38"
        },
        "pycdlib": {
            "hashes": [
                "sha256:8ec306b31d9c850f28c5fda52438d904edd1e8fcf862c5ffd756272efac9f422",
                "sha256:a905827335f0066af3fd416c5cf9b1f29dffaf4d0914b714555213d1809f38d4"
            ],
            "version": "==1.14.0"
        },
        "tqdm": {
            "hashes": [
                "sha256:5f4f682a004951c1b450bc753c710e9280c5746ce6ffedee253ddbcbf54cf1e4",
                "sha256:6fee160d6ffcd1b1c68c65f14c829c22832bc401726335ce92c52d395944a6a1"
            ],
            "markers": "python_version >= '2.7' and python_version not in '3.0, 3.1, 3.2, 3.3'",
            "version": "==4.64.1"
        }
    },
    "develop": {}
}
